{
  "object": {
    "pins": [
      {
        "package": "AEXML",
        "repositoryURL": "https://github.com/tadija/AEXML.git",
        "state": {
          "branch": null,
          "revision": "8623e73b193386909566a9ca20203e33a09af142",
          "version": "4.5.0"
        }
      },
      {
        "package": "CryptoSwift",
        "repositoryURL": "https://github.com/krzyzanowskim/CryptoSwift.git",
        "state": {
          "branch": null,
          "revision": "e45a26384239e028ec87fbcc788f513b67e10d8f",
          "version": "1.9.0"
        }
      },
      {
        "package": "DataCompression",
        "repositoryURL": "https://github.com/mw99/DataCompression.git",
        "state": {
          "branch": null,
          "revision": "16f858982a077451ce3bdbd9144d3073ec85b6e4",
          "version": "3.9.0"
        }
      },
      {
        "package": "GRDB",
        "repositoryURL": "https://github.com/groue/GRDB.swift.git",
        "state": {
          "branch": null,
          "revision": "2cf6c756e1e5ef6901ebae16576a7e4e4b834622",
          "version": "6.29.3"
        }
      },
      {
        "package": "Queuer",
        "repositoryURL": "https://github.com/FabrizioBrancati/Queuer.git",
        "state": {
          "branch": null,
          "revision": "52515108d0ac4616d9e15ffcc7ad986e300d31ff",
          "version": "2.1.1"
        }
      },
      {
        "package": "swift-argument-parser",
        "repositoryURL": "https://github.com/apple/swift-argument-parser",
        "state": {
          "branch": null,
          "revision": "831ed5e860a70e745bc1337830af4786b2576881",
          "version": "0.4.1"
        }
      },
      {
        "package": "swift-asn1",
        "repositoryURL": "https://github.com/apple/swift-asn1.git",
        "state": {
          "branch": null,
          "revision": "810496cf121e525d660cd0ea89a758740476b85f",
          "version": "1.5.1"
        }
      },
      {
        "package": "swift-crypto",
        "repositoryURL": "https://github.com/apple/swift-crypto.git",
        "state": {
          "branch": null,
          "revision": "95ba0316a9b733e92bb6b071255ff46263bbe7dc",
          "version": "3.15.1"
        }
      },
      {
        "package": "SwiftDocCPlugin",
        "repositoryURL": "https://github.com/swiftlang/swift-docc-plugin",
        "state": {
          "branch": null,
          "revision": "e977f65879f82b375a044c8837597f690c067da6",
          "version": "1.4.6"
        }
      },
      {
        "package": "SymbolKit",
        "repositoryURL": "https://github.com/swiftlang/swift-docc-symbolkit",
        "state": {
          "branch": null,
          "revision": "b45d1f2ed151d057b54504d653e0da5552844e34",
          "version": "1.0.0"
        }
      }
    ]
  },
  "version": 1
}
