// !$*UTF8*$!
{
   archiveVersion = "1";
   objectVersion = "46";
   objects = {
      "AEXML::AEXML" = {
         isa = "PBXNativeTarget";
         buildConfigurationList = "OBJ_174";
         buildPhases = (
            "OBJ_177",
            "OBJ_183"
         );
         dependencies = (
         );
         name = "AEXML";
         productName = "AEXML";
         productReference = "AEXML::AEXML::Product";
         productType = "com.apple.product-type.framework";
      };
      "AEXML::AEXML::Product" = {
         isa = "PBXFileReference";
         path = "AEXML.framework";
         sourceTree = "BUILT_PRODUCTS_DIR";
      };
      "AEXML::SwiftPMPackageDescription" = {
         isa = "PBXNativeTarget";
         buildConfigurationList = "OBJ_185";
         buildPhases = (
            "OBJ_188"
         );
         dependencies = (
         );
         name = "AEXMLPackageDescription";
         productName = "AEXMLPackageDescription";
         productType = "com.apple.product-type.framework";
      };
      "CZlib::CZlib::ProductTarget" = {
         isa = "PBXAggregateTarget";
         buildConfigurationList = "OBJ_191";
         buildPhases = (
         );
         dependencies = (
         );
         name = "CZlib";
         productName = "CZlib";
      };
      "CryptoSwift::CryptoSwift" = {
         isa = "PBXNativeTarget";
         buildConfigurationList = "OBJ_195";
         buildPhases = (
            "OBJ_198",
            "OBJ_274"
         );
         dependencies = (
         );
         name = "CryptoSwift";
         productName = "CryptoSwift";
         productReference = "CryptoSwift::CryptoSwift::Product";
         productType = "com.apple.product-type.framework";
      };
      "CryptoSwift::CryptoSwift::Product" = {
         isa = "PBXFileReference";
         path = "CryptoSwift.framework";
         sourceTree = "BUILT_PRODUCTS_DIR";
      };
      "CryptoSwift::SwiftPMPackageDescription" = {
         isa = "PBXNativeTarget";
         buildConfigurationList = "OBJ_276";
         buildPhases = (
            "OBJ_279"
         );
         dependencies = (
         );
         name = "CryptoSwiftPackageDescription";
         productName = "CryptoSwiftPackageDescription";
         productType = "com.apple.product-type.framework";
      };
      "CryptorRSA::CryptorRSA" = {
         isa = "PBXNativeTarget";
         buildConfigurationList = "OBJ_282";
         buildPhases = (
            "OBJ_285",
            "OBJ_294"
         );
         dependencies = (
         );
         name = "CryptorRSA";
         productName = "CryptorRSA";
         productReference = "CryptorRSA::CryptorRSA::Product";
         productType = "com.apple.product-type.framework";
      };
      "CryptorRSA::CryptorRSA::Product" = {
         isa = "PBXFileReference";
         path = "CryptorRSA.framework";
         sourceTree = "BUILT_PRODUCTS_DIR";
      };
      "CryptorRSA::SwiftPMPackageDescription" = {
         isa = "PBXNativeTarget";
         buildConfigurationList = "OBJ_296";
         buildPhases = (
            "OBJ_299"
         );
         dependencies = (
         );
         name = "CryptorRSAPackageDescription";
         productName = "CryptorRSAPackageDescription";
         productType = "com.apple.product-type.framework";
      };
      "Gzip::Gzip" = {
         isa = "PBXNativeTarget";
         buildConfigurationList = "OBJ_302";
         buildPhases = (
            "OBJ_305",
            "OBJ_307"
         );
         dependencies = (
            "OBJ_309"
         );
         name = "Gzip";
         productName = "Gzip";
         productReference = "Gzip::Gzip::Product";
         productType = "com.apple.product-type.framework";
      };
      "Gzip::Gzip::Product" = {
         isa = "PBXFileReference";
         path = "Gzip.framework";
         sourceTree = "BUILT_PRODUCTS_DIR";
      };
      "Gzip::SwiftPMPackageDescription" = {
         isa = "PBXNativeTarget";
         buildConfigurationList = "OBJ_312";
         buildPhases = (
            "OBJ_315"
         );
         dependencies = (
         );
         name = "GzipPackageDescription";
         productName = "GzipPackageDescription";
         productType = "com.apple.product-type.framework";
      };
      "Gzip::system-zlib" = {
         isa = "PBXNativeTarget";
         buildConfigurationList = "OBJ_408";
         buildPhases = (
            "OBJ_411",
            "OBJ_413"
         );
         dependencies = (
         );
         name = "system-zlib";
         productName = "system_zlib";
         productReference = "Gzip::system-zlib::Product";
         productType = "com.apple.product-type.framework";
      };
      "Gzip::system-zlib::Product" = {
         isa = "PBXFileReference";
         path = "system_zlib.framework";
         sourceTree = "BUILT_PRODUCTS_DIR";
      };
      "OBJ_1" = {
         isa = "PBXProject";
         attributes = {
            LastSwiftMigration = "9999";
            LastUpgradeCheck = "9999";
         };
         buildConfigurationList = "OBJ_2";
         compatibilityVersion = "Xcode 3.2";
         developmentRegion = "en";
         hasScannedForEncodings = "0";
         knownRegions = (
            "en"
         );
         mainGroup = "OBJ_5";
         productRefGroup = "OBJ_162";
         projectDirPath = ".";
         targets = (
            "AEXML::AEXML",
            "AEXML::SwiftPMPackageDescription",
            "CZlib::CZlib::ProductTarget",
            "CryptoSwift::CryptoSwift",
            "CryptoSwift::SwiftPMPackageDescription",
            "CryptorRSA::CryptorRSA",
            "CryptorRSA::SwiftPMPackageDescription",
            "Gzip::Gzip",
            "Gzip::SwiftPMPackageDescription",
            "SocketSwift::SocketSwift",
            "SocketSwift::SwiftPMPackageDescription",
            "WiredSwift::WiredSwift",
            "WiredSwift::SwiftPMPackageDescription",
            "WiredSwift::WiredSwiftPackageTests::ProductTarget",
            "WiredSwift::WiredSwiftTests",
            "Gzip::system-zlib"
         );
      };
      "OBJ_10" = {
         isa = "PBXFileReference";
         path = "wired.xml";
         sourceTree = "<group>";
      };
      "OBJ_100" = {
         isa = "PBXFileReference";
         path = "CMAC.swift";
         sourceTree = "<group>";
      };
      "OBJ_101" = {
         isa = "PBXFileReference";
         path = "ChaCha20.swift";
         sourceTree = "<group>";
      };
      "OBJ_102" = {
         isa = "PBXFileReference";
         path = "Checksum.swift";
         sourceTree = "<group>";
      };
      "OBJ_103" = {
         isa = "PBXFileReference";
         path = "Cipher.swift";
         sourceTree = "<group>";
      };
      "OBJ_104" = {
         isa = "PBXFileReference";
         path = "Collection+Extension.swift";
         sourceTree = "<group>";
      };
      "OBJ_105" = {
         isa = "PBXFileReference";
         path = "CompactMap.swift";
         sourceTree = "<group>";
      };
      "OBJ_106" = {
         isa = "PBXFileReference";
         path = "Cryptor.swift";
         sourceTree = "<group>";
      };
      "OBJ_107" = {
         isa = "PBXFileReference";
         path = "Cryptors.swift";
         sourceTree = "<group>";
      };
      "OBJ_108" = {
         isa = "PBXFileReference";
         path = "Digest.swift";
         sourceTree = "<group>";
      };
      "OBJ_109" = {
         isa = "PBXFileReference";
         path = "DigestType.swift";
         sourceTree = "<group>";
      };
      "OBJ_11" = {
         isa = "PBXFileReference";
         path = "Info.plist";
         sourceTree = "<group>";
      };
      "OBJ_110" = {
         isa = "PBXGroup";
         children = (
            "OBJ_111",
            "OBJ_112",
            "OBJ_113",
            "OBJ_114",
            "OBJ_115",
            "OBJ_116",
            "OBJ_117",
            "OBJ_118",
            "OBJ_119"
         );
         name = "Foundation";
         path = "Foundation";
         sourceTree = "<group>";
      };
      "OBJ_111" = {
         isa = "PBXFileReference";
         path = "AES+Foundation.swift";
         sourceTree = "<group>";
      };
      "OBJ_112" = {
         isa = "PBXFileReference";
         path = "Array+Foundation.swift";
         sourceTree = "<group>";
      };
      "OBJ_113" = {
         isa = "PBXFileReference";
         path = "Blowfish+Foundation.swift";
         sourceTree = "<group>";
      };
      "OBJ_114" = {
         isa = "PBXFileReference";
         path = "ChaCha20+Foundation.swift";
         sourceTree = "<group>";
      };
      "OBJ_115" = {
         isa = "PBXFileReference";
         path = "Data+Extension.swift";
         sourceTree = "<group>";
      };
      "OBJ_116" = {
         isa = "PBXFileReference";
         path = "HMAC+Foundation.swift";
         sourceTree = "<group>";
      };
      "OBJ_117" = {
         isa = "PBXFileReference";
         path = "Rabbit+Foundation.swift";
         sourceTree = "<group>";
      };
      "OBJ_118" = {
         isa = "PBXFileReference";
         path = "String+FoundationExtension.swift";
         sourceTree = "<group>";
      };
      "OBJ_119" = {
         isa = "PBXFileReference";
         path = "Utils+Foundation.swift";
         sourceTree = "<group>";
      };
      "OBJ_12" = {
         isa = "PBXGroup";
         children = (
            "OBJ_13",
            "OBJ_14"
         );
         name = "Additions";
         path = "Additions";
         sourceTree = "<group>";
      };
      "OBJ_120" = {
         isa = "PBXFileReference";
         path = "Generics.swift";
         sourceTree = "<group>";
      };
      "OBJ_121" = {
         isa = "PBXFileReference";
         path = "HKDF.swift";
         sourceTree = "<group>";
      };
      "OBJ_122" = {
         isa = "PBXFileReference";
         path = "HMAC.swift";
         sourceTree = "<group>";
      };
      "OBJ_123" = {
         isa = "PBXFileReference";
         path = "ISO78164Padding.swift";
         sourceTree = "<group>";
      };
      "OBJ_124" = {
         isa = "PBXFileReference";
         path = "Int+Extension.swift";
         sourceTree = "<group>";
      };
      "OBJ_125" = {
         isa = "PBXFileReference";
         path = "MD5.swift";
         sourceTree = "<group>";
      };
      "OBJ_126" = {
         isa = "PBXFileReference";
         path = "NoPadding.swift";
         sourceTree = "<group>";
      };
      "OBJ_127" = {
         isa = "PBXFileReference";
         path = "Operators.swift";
         sourceTree = "<group>";
      };
      "OBJ_128" = {
         isa = "PBXGroup";
         children = (
            "OBJ_129",
            "OBJ_130",
            "OBJ_131",
            "OBJ_132",
            "OBJ_133"
         );
         name = "PKCS";
         path = "PKCS";
         sourceTree = "<group>";
      };
      "OBJ_129" = {
         isa = "PBXFileReference";
         path = "PBKDF1.swift";
         sourceTree = "<group>";
      };
      "OBJ_13" = {
         isa = "PBXFileReference";
         path = "Data.swift";
         sourceTree = "<group>";
      };
      "OBJ_130" = {
         isa = "PBXFileReference";
         path = "PBKDF2.swift";
         sourceTree = "<group>";
      };
      "OBJ_131" = {
         isa = "PBXFileReference";
         path = "PKCS5.swift";
         sourceTree = "<group>";
      };
      "OBJ_132" = {
         isa = "PBXFileReference";
         path = "PKCS7.swift";
         sourceTree = "<group>";
      };
      "OBJ_133" = {
         isa = "PBXFileReference";
         path = "PKCS7Padding.swift";
         sourceTree = "<group>";
      };
      "OBJ_134" = {
         isa = "PBXFileReference";
         path = "Padding.swift";
         sourceTree = "<group>";
      };
      "OBJ_135" = {
         isa = "PBXFileReference";
         path = "Poly1305.swift";
         sourceTree = "<group>";
      };
      "OBJ_136" = {
         isa = "PBXFileReference";
         path = "Rabbit.swift";
         sourceTree = "<group>";
      };
      "OBJ_137" = {
         isa = "PBXFileReference";
         path = "SHA1.swift";
         sourceTree = "<group>";
      };
      "OBJ_138" = {
         isa = "PBXFileReference";
         path = "SHA2.swift";
         sourceTree = "<group>";
      };
      "OBJ_139" = {
         isa = "PBXFileReference";
         path = "SHA3.swift";
         sourceTree = "<group>";
      };
      "OBJ_14" = {
         isa = "PBXFileReference";
         path = "String.swift";
         sourceTree = "<group>";
      };
      "OBJ_140" = {
         isa = "PBXFileReference";
         path = "Scrypt.swift";
         sourceTree = "<group>";
      };
      "OBJ_141" = {
         isa = "PBXFileReference";
         path = "SecureBytes.swift";
         sourceTree = "<group>";
      };
      "OBJ_142" = {
         isa = "PBXFileReference";
         path = "StreamDecryptor.swift";
         sourceTree = "<group>";
      };
      "OBJ_143" = {
         isa = "PBXFileReference";
         path = "StreamEncryptor.swift";
         sourceTree = "<group>";
      };
      "OBJ_144" = {
         isa = "PBXFileReference";
         path = "String+Extension.swift";
         sourceTree = "<group>";
      };
      "OBJ_145" = {
         isa = "PBXFileReference";
         path = "UInt128.swift";
         sourceTree = "<group>";
      };
      "OBJ_146" = {
         isa = "PBXFileReference";
         path = "UInt16+Extension.swift";
         sourceTree = "<group>";
      };
      "OBJ_147" = {
         isa = "PBXFileReference";
         path = "UInt32+Extension.swift";
         sourceTree = "<group>";
      };
      "OBJ_148" = {
         isa = "PBXFileReference";
         path = "UInt64+Extension.swift";
         sourceTree = "<group>";
      };
      "OBJ_149" = {
         isa = "PBXFileReference";
         path = "UInt8+Extension.swift";
         sourceTree = "<group>";
      };
      "OBJ_15" = {
         isa = "PBXGroup";
         children = (
            "OBJ_16",
            "OBJ_17",
            "OBJ_18"
         );
         name = "Core";
         path = "Core";
         sourceTree = "<group>";
      };
      "OBJ_150" = {
         isa = "PBXFileReference";
         path = "Updatable.swift";
         sourceTree = "<group>";
      };
      "OBJ_151" = {
         isa = "PBXFileReference";
         path = "Utils.swift";
         sourceTree = "<group>";
      };
      "OBJ_152" = {
         isa = "PBXFileReference";
         path = "ZeroPadding.swift";
         sourceTree = "<group>";
      };
      "OBJ_153" = {
         isa = "PBXFileReference";
         explicitFileType = "sourcecode.swift";
         name = "Package.swift";
         path = "/Users/nark/Development/Me/Swift/WiredSwift/.build/checkouts/CryptoSwift/Package.swift";
         sourceTree = "<group>";
      };
      "OBJ_154" = {
         isa = "PBXGroup";
         children = (
            "OBJ_155",
            "OBJ_161"
         );
         name = "AEXML 4.5.0";
         path = "";
         sourceTree = "SOURCE_ROOT";
      };
      "OBJ_155" = {
         isa = "PBXGroup";
         children = (
            "OBJ_156",
            "OBJ_157",
            "OBJ_158",
            "OBJ_159",
            "OBJ_160"
         );
         name = "AEXML";
         path = ".build/checkouts/AEXML/Sources/AEXML";
         sourceTree = "SOURCE_ROOT";
      };
      "OBJ_156" = {
         isa = "PBXFileReference";
         path = "Document.swift";
         sourceTree = "<group>";
      };
      "OBJ_157" = {
         isa = "PBXFileReference";
         path = "Element.swift";
         sourceTree = "<group>";
      };
      "OBJ_158" = {
         isa = "PBXFileReference";
         path = "Error.swift";
         sourceTree = "<group>";
      };
      "OBJ_159" = {
         isa = "PBXFileReference";
         path = "Options.swift";
         sourceTree = "<group>";
      };
      "OBJ_16" = {
         isa = "PBXFileReference";
         path = "Const.swift";
         sourceTree = "<group>";
      };
      "OBJ_160" = {
         isa = "PBXFileReference";
         path = "Parser.swift";
         sourceTree = "<group>";
      };
      "OBJ_161" = {
         isa = "PBXFileReference";
         explicitFileType = "sourcecode.swift";
         name = "Package.swift";
         path = "/Users/nark/Development/Me/Swift/WiredSwift/.build/checkouts/AEXML/Package.swift";
         sourceTree = "<group>";
      };
      "OBJ_162" = {
         isa = "PBXGroup";
         children = (
            "AEXML::AEXML::Product",
            "WiredSwift::WiredSwift::Product",
            "SocketSwift::SocketSwift::Product",
            "Gzip::system-zlib::Product",
            "WiredSwift::WiredSwiftTests::Product",
            "Gzip::Gzip::Product",
            "CryptoSwift::CryptoSwift::Product",
            "CryptorRSA::CryptorRSA::Product"
         );
         name = "Products";
         path = "";
         sourceTree = "BUILT_PRODUCTS_DIR";
      };
      "OBJ_17" = {
         isa = "PBXFileReference";
         path = "Logger.swift";
         sourceTree = "<group>";
      };
      "OBJ_171" = {
         isa = "PBXFileReference";
         path = "LICENSE";
         sourceTree = "<group>";
      };
      "OBJ_172" = {
         isa = "PBXFileReference";
         path = "README.md";
         sourceTree = "<group>";
      };
      "OBJ_174" = {
         isa = "XCConfigurationList";
         buildConfigurations = (
            "OBJ_175",
            "OBJ_176"
         );
         defaultConfigurationIsVisible = "0";
         defaultConfigurationName = "Release";
      };
      "OBJ_175" = {
         isa = "XCBuildConfiguration";
         buildSettings = {
            ENABLE_TESTABILITY = "YES";
            FRAMEWORK_SEARCH_PATHS = (
               "$(inherited)",
               "$(PLATFORM_DIR)/Developer/Library/Frameworks"
            );
            HEADER_SEARCH_PATHS = (
               "$(inherited)"
            );
            INFOPLIST_FILE = "WiredSwift.xcodeproj/AEXML_Info.plist";
            IPHONEOS_DEPLOYMENT_TARGET = "8.0";
            LD_RUNPATH_SEARCH_PATHS = (
               "$(inherited)",
               "$(TOOLCHAIN_DIR)/usr/lib/swift/macosx"
            );
            MACOSX_DEPLOYMENT_TARGET = "10.10";
            OTHER_CFLAGS = (
               "$(inherited)"
            );
            OTHER_LDFLAGS = (
               "$(inherited)"
            );
            OTHER_SWIFT_FLAGS = (
               "$(inherited)"
            );
            PRODUCT_BUNDLE_IDENTIFIER = "AEXML";
            PRODUCT_MODULE_NAME = "$(TARGET_NAME:c99extidentifier)";
            PRODUCT_NAME = "$(TARGET_NAME:c99extidentifier)";
            SKIP_INSTALL = "YES";
            SWIFT_ACTIVE_COMPILATION_CONDITIONS = (
               "$(inherited)"
            );
            SWIFT_VERSION = "5.0";
            TARGET_NAME = "AEXML";
            TVOS_DEPLOYMENT_TARGET = "9.0";
            WATCHOS_DEPLOYMENT_TARGET = "3.0";
         };
         name = "Debug";
      };
      "OBJ_176" = {
         isa = "XCBuildConfiguration";
         buildSettings = {
            ENABLE_TESTABILITY = "YES";
            FRAMEWORK_SEARCH_PATHS = (
               "$(inherited)",
               "$(PLATFORM_DIR)/Developer/Library/Frameworks"
            );
            HEADER_SEARCH_PATHS = (
               "$(inherited)"
            );
            INFOPLIST_FILE = "WiredSwift.xcodeproj/AEXML_Info.plist";
            IPHONEOS_DEPLOYMENT_TARGET = "8.0";
            LD_RUNPATH_SEARCH_PATHS = (
               "$(inherited)",
               "$(TOOLCHAIN_DIR)/usr/lib/swift/macosx"
            );
            MACOSX_DEPLOYMENT_TARGET = "10.10";
            OTHER_CFLAGS = (
               "$(inherited)"
            );
            OTHER_LDFLAGS = (
               "$(inherited)"
            );
            OTHER_SWIFT_FLAGS = (
               "$(inherited)"
            );
            PRODUCT_BUNDLE_IDENTIFIER = "AEXML";
            PRODUCT_MODULE_NAME = "$(TARGET_NAME:c99extidentifier)";
            PRODUCT_NAME = "$(TARGET_NAME:c99extidentifier)";
            SKIP_INSTALL = "YES";
            SWIFT_ACTIVE_COMPILATION_CONDITIONS = (
               "$(inherited)"
            );
            SWIFT_VERSION = "5.0";
            TARGET_NAME = "AEXML";
            TVOS_DEPLOYMENT_TARGET = "9.0";
            WATCHOS_DEPLOYMENT_TARGET = "3.0";
         };
         name = "Release";
      };
      "OBJ_177" = {
         isa = "PBXSourcesBuildPhase";
         files = (
            "OBJ_178",
            "OBJ_179",
            "OBJ_180",
            "OBJ_181",
            "OBJ_182"
         );
      };
      "OBJ_178" = {
         isa = "PBXBuildFile";
         fileRef = "OBJ_156";
      };
      "OBJ_179" = {
         isa = "PBXBuildFile";
         fileRef = "OBJ_157";
      };
      "OBJ_18" = {
         isa = "PBXFileReference";
         path = "WiredError.swift";
         sourceTree = "<group>";
      };
      "OBJ_180" = {
         isa = "PBXBuildFile";
         fileRef = "OBJ_158";
      };
      "OBJ_181" = {
         isa = "PBXBuildFile";
         fileRef = "OBJ_159";
      };
      "OBJ_182" = {
         isa = "PBXBuildFile";
         fileRef = "OBJ_160";
      };
      "OBJ_183" = {
         isa = "PBXFrameworksBuildPhase";
         files = (
         );
      };
      "OBJ_185" = {
         isa = "XCConfigurationList";
         buildConfigurations = (
            "OBJ_186",
            "OBJ_187"
         );
         defaultConfigurationIsVisible = "0";
         defaultConfigurationName = "Release";
      };
      "OBJ_186" = {
         isa = "XCBuildConfiguration";
         buildSettings = {
            LD = "/usr/bin/true";
            OTHER_SWIFT_FLAGS = (
               "-swift-version",
               "5",
               "-I",
               "$(TOOLCHAIN_DIR)/usr/lib/swift/pm/4_2",
               "-target",
               "x86_64-apple-macosx10.10",
               "-sdk",
               "/Applications/Xcode.app/Contents/Developer/Platforms/MacOSX.platform/Developer/SDKs/MacOSX10.15.sdk",
               "-package-description-version",
               "5.0.0"
            );
            SWIFT_VERSION = "5.0";
         };
         name = "Debug";
      };
      "OBJ_187" = {
         isa = "XCBuildConfiguration";
         buildSettings = {
            LD = "/usr/bin/true";
            OTHER_SWIFT_FLAGS = (
               "-swift-version",
               "5",
               "-I",
               "$(TOOLCHAIN_DIR)/usr/lib/swift/pm/4_2",
               "-target",
               "x86_64-apple-macosx10.10",
               "-sdk",
               "/Applications/Xcode.app/Contents/Developer/Platforms/MacOSX.platform/Developer/SDKs/MacOSX10.15.sdk",
               "-package-description-version",
               "5.0.0"
            );
            SWIFT_VERSION = "5.0";
         };
         name = "Release";
      };
      "OBJ_188" = {
         isa = "PBXSourcesBuildPhase";
         files = (
            "OBJ_189"
         );
      };
      "OBJ_189" = {
         isa = "PBXBuildFile";
         fileRef = "OBJ_161";
      };
      "OBJ_19" = {
         isa = "PBXGroup";
         children = (
            "OBJ_20",
            "OBJ_21",
            "OBJ_22"
         );
         name = "Crypto";
         path = "Crypto";
         sourceTree = "<group>";
      };
      "OBJ_191" = {
         isa = "XCConfigurationList";
         buildConfigurations = (
            "OBJ_192",
            "OBJ_193"
         );
         defaultConfigurationIsVisible = "0";
         defaultConfigurationName = "Release";
      };
      "OBJ_192" = {
         isa = "XCBuildConfiguration";
         buildSettings = {
         };
         name = "Debug";
      };
      "OBJ_193" = {
         isa = "XCBuildConfiguration";
         buildSettings = {
         };
         name = "Release";
      };
      "OBJ_195" = {
         isa = "XCConfigurationList";
         buildConfigurations = (
            "OBJ_196",
            "OBJ_197"
         );
         defaultConfigurationIsVisible = "0";
         defaultConfigurationName = "Release";
      };
      "OBJ_196" = {
         isa = "XCBuildConfiguration";
         buildSettings = {
            ENABLE_TESTABILITY = "YES";
            FRAMEWORK_SEARCH_PATHS = (
               "$(inherited)",
               "$(PLATFORM_DIR)/Developer/Library/Frameworks"
            );
            HEADER_SEARCH_PATHS = (
               "$(inherited)"
            );
            INFOPLIST_FILE = "WiredSwift.xcodeproj/CryptoSwift_Info.plist";
            IPHONEOS_DEPLOYMENT_TARGET = "8.0";
            LD_RUNPATH_SEARCH_PATHS = (
               "$(inherited)",
               "$(TOOLCHAIN_DIR)/usr/lib/swift/macosx"
            );
            MACOSX_DEPLOYMENT_TARGET = "10.10";
            OTHER_CFLAGS = (
               "$(inherited)"
            );
            OTHER_LDFLAGS = (
               "$(inherited)"
            );
            OTHER_SWIFT_FLAGS = (
               "$(inherited)"
            );
            PRODUCT_BUNDLE_IDENTIFIER = "CryptoSwift";
            PRODUCT_MODULE_NAME = "$(TARGET_NAME:c99extidentifier)";
            PRODUCT_NAME = "$(TARGET_NAME:c99extidentifier)";
            SKIP_INSTALL = "YES";
            SWIFT_ACTIVE_COMPILATION_CONDITIONS = (
               "$(inherited)"
            );
            SWIFT_VERSION = "5.0";
            TARGET_NAME = "CryptoSwift";
            TVOS_DEPLOYMENT_TARGET = "9.0";
            WATCHOS_DEPLOYMENT_TARGET = "2.0";
         };
         name = "Debug";
      };
      "OBJ_197" = {
         isa = "XCBuildConfiguration";
         buildSettings = {
            ENABLE_TESTABILITY = "YES";
            FRAMEWORK_SEARCH_PATHS = (
               "$(inherited)",
               "$(PLATFORM_DIR)/Developer/Library/Frameworks"
            );
            HEADER_SEARCH_PATHS = (
               "$(inherited)"
            );
            INFOPLIST_FILE = "WiredSwift.xcodeproj/CryptoSwift_Info.plist";
            IPHONEOS_DEPLOYMENT_TARGET = "8.0";
            LD_RUNPATH_SEARCH_PATHS = (
               "$(inherited)",
               "$(TOOLCHAIN_DIR)/usr/lib/swift/macosx"
            );
            MACOSX_DEPLOYMENT_TARGET = "10.10";
            OTHER_CFLAGS = (
               "$(inherited)"
            );
            OTHER_LDFLAGS = (
               "$(inherited)"
            );
            OTHER_SWIFT_FLAGS = (
               "$(inherited)"
            );
            PRODUCT_BUNDLE_IDENTIFIER = "CryptoSwift";
            PRODUCT_MODULE_NAME = "$(TARGET_NAME:c99extidentifier)";
            PRODUCT_NAME = "$(TARGET_NAME:c99extidentifier)";
            SKIP_INSTALL = "YES";
            SWIFT_ACTIVE_COMPILATION_CONDITIONS = (
               "$(inherited)"
            );
            SWIFT_VERSION = "5.0";
            TARGET_NAME = "CryptoSwift";
            TVOS_DEPLOYMENT_TARGET = "9.0";
            WATCHOS_DEPLOYMENT_TARGET = "2.0";
         };
         name = "Release";
      };
      "OBJ_198" = {
         isa = "PBXSourcesBuildPhase";
         files = (
            "OBJ_199",
            "OBJ_200",
            "OBJ_201",
            "OBJ_202",
            "OBJ_203",
            "OBJ_204",
            "OBJ_205",
            "OBJ_206",
            "OBJ_207",
            "OBJ_208",
            "OBJ_209",
            "OBJ_210",
            "OBJ_211",
            "OBJ_212",
            "OBJ_213",
            "OBJ_214",
            "OBJ_215",
            "OBJ_216",
            "OBJ_217",
            "OBJ_218",
            "OBJ_219",
            "OBJ_220",
            "OBJ_221",
            "OBJ_222",
            "OBJ_223",
            "OBJ_224",
            "OBJ_225",
            "OBJ_226",
            "OBJ_227",
            "OBJ_228",
            "OBJ_229",
            "OBJ_230",
            "OBJ_231",
            "OBJ_232",
            "OBJ_233",
            "OBJ_234",
            "OBJ_235",
            "OBJ_236",
            "OBJ_237",
            "OBJ_238",
            "OBJ_239",
            "OBJ_240",
            "OBJ_241",
            "OBJ_242",
            "OBJ_243",
            "OBJ_244",
            "OBJ_245",
            "OBJ_246",
            "OBJ_247",
            "OBJ_248",
            "OBJ_249",
            "OBJ_250",
            "OBJ_251",
            "OBJ_252",
            "OBJ_253",
            "OBJ_254",
            "OBJ_255",
            "OBJ_256",
            "OBJ_257",
            "OBJ_258",
            "OBJ_259",
            "OBJ_260",
            "OBJ_261",
            "OBJ_262",
            "OBJ_263",
            "OBJ_264",
            "OBJ_265",
            "OBJ_266",
            "OBJ_267",
            "OBJ_268",
            "OBJ_269",
            "OBJ_270",
            "OBJ_271",
            "OBJ_272",
            "OBJ_273"
         );
      };
      "OBJ_199" = {
         isa = "PBXBuildFile";
         fileRef = "OBJ_75";
      };
      "OBJ_2" = {
         isa = "XCConfigurationList";
         buildConfigurations = (
            "OBJ_3",
            "OBJ_4"
         );
         defaultConfigurationIsVisible = "0";
         defaultConfigurationName = "Release";
      };
      "OBJ_20" = {
         isa = "PBXFileReference";
         path = "P7Cipher.swift";
         sourceTree = "<group>";
      };
      "OBJ_200" = {
         isa = "PBXBuildFile";
         fileRef = "OBJ_76";
      };
      "OBJ_201" = {
         isa = "PBXBuildFile";
         fileRef = "OBJ_77";
      };
      "OBJ_202" = {
         isa = "PBXBuildFile";
         fileRef = "OBJ_78";
      };
      "OBJ_203" = {
         isa = "PBXBuildFile";
         fileRef = "OBJ_79";
      };
      "OBJ_204" = {
         isa = "PBXBuildFile";
         fileRef = "OBJ_80";
      };
      "OBJ_205" = {
         isa = "PBXBuildFile";
         fileRef = "OBJ_81";
      };
      "OBJ_206" = {
         isa = "PBXBuildFile";
         fileRef = "OBJ_82";
      };
      "OBJ_207" = {
         isa = "PBXBuildFile";
         fileRef = "OBJ_83";
      };
      "OBJ_208" = {
         isa = "PBXBuildFile";
         fileRef = "OBJ_84";
      };
      "OBJ_209" = {
         isa = "PBXBuildFile";
         fileRef = "OBJ_85";
      };
      "OBJ_21" = {
         isa = "PBXFileReference";
         path = "RSA.swift";
         sourceTree = "<group>";
      };
      "OBJ_210" = {
         isa = "PBXBuildFile";
         fileRef = "OBJ_87";
      };
      "OBJ_211" = {
         isa = "PBXBuildFile";
         fileRef = "OBJ_88";
      };
      "OBJ_212" = {
         isa = "PBXBuildFile";
         fileRef = "OBJ_89";
      };
      "OBJ_213" = {
         isa = "PBXBuildFile";
         fileRef = "OBJ_90";
      };
      "OBJ_214" = {
         isa = "PBXBuildFile";
         fileRef = "OBJ_91";
      };
      "OBJ_215" = {
         isa = "PBXBuildFile";
         fileRef = "OBJ_92";
      };
      "OBJ_216" = {
         isa = "PBXBuildFile";
         fileRef = "OBJ_93";
      };
      "OBJ_217" = {
         isa = "PBXBuildFile";
         fileRef = "OBJ_94";
      };
      "OBJ_218" = {
         isa = "PBXBuildFile";
         fileRef = "OBJ_95";
      };
      "OBJ_219" = {
         isa = "PBXBuildFile";
         fileRef = "OBJ_96";
      };
      "OBJ_22" = {
         isa = "PBXFileReference";
         path = "SwCrypt.swift";
         sourceTree = "<group>";
      };
      "OBJ_220" = {
         isa = "PBXBuildFile";
         fileRef = "OBJ_97";
      };
      "OBJ_221" = {
         isa = "PBXBuildFile";
         fileRef = "OBJ_98";
      };
      "OBJ_222" = {
         isa = "PBXBuildFile";
         fileRef = "OBJ_99";
      };
      "OBJ_223" = {
         isa = "PBXBuildFile";
         fileRef = "OBJ_100";
      };
      "OBJ_224" = {
         isa = "PBXBuildFile";
         fileRef = "OBJ_101";
      };
      "OBJ_225" = {
         isa = "PBXBuildFile";
         fileRef = "OBJ_102";
      };
      "OBJ_226" = {
         isa = "PBXBuildFile";
         fileRef = "OBJ_103";
      };
      "OBJ_227" = {
         isa = "PBXBuildFile";
         fileRef = "OBJ_104";
      };
      "OBJ_228" = {
         isa = "PBXBuildFile";
         fileRef = "OBJ_105";
      };
      "OBJ_229" = {
         isa = "PBXBuildFile";
         fileRef = "OBJ_106";
      };
      "OBJ_23" = {
         isa = "PBXGroup";
         children = (
            "OBJ_24",
            "OBJ_25"
         );
         name = "Data";
         path = "Data";
         sourceTree = "<group>";
      };
      "OBJ_230" = {
         isa = "PBXBuildFile";
         fileRef = "OBJ_107";
      };
      "OBJ_231" = {
         isa = "PBXBuildFile";
         fileRef = "OBJ_108";
      };
      "OBJ_232" = {
         isa = "PBXBuildFile";
         fileRef = "OBJ_109";
      };
      "OBJ_233" = {
         isa = "PBXBuildFile";
         fileRef = "OBJ_111";
      };
      "OBJ_234" = {
         isa = "PBXBuildFile";
         fileRef = "OBJ_112";
      };
      "OBJ_235" = {
         isa = "PBXBuildFile";
         fileRef = "OBJ_113";
      };
      "OBJ_236" = {
         isa = "PBXBuildFile";
         fileRef = "OBJ_114";
      };
      "OBJ_237" = {
         isa = "PBXBuildFile";
         fileRef = "OBJ_115";
      };
      "OBJ_238" = {
         isa = "PBXBuildFile";
         fileRef = "OBJ_116";
      };
      "OBJ_239" = {
         isa = "PBXBuildFile";
         fileRef = "OBJ_117";
      };
      "OBJ_24" = {
         isa = "PBXFileReference";
         path = "ServerInfo.swift";
         sourceTree = "<group>";
      };
      "OBJ_240" = {
         isa = "PBXBuildFile";
         fileRef = "OBJ_118";
      };
      "OBJ_241" = {
         isa = "PBXBuildFile";
         fileRef = "OBJ_119";
      };
      "OBJ_242" = {
         isa = "PBXBuildFile";
         fileRef = "OBJ_120";
      };
      "OBJ_243" = {
         isa = "PBXBuildFile";
         fileRef = "OBJ_121";
      };
      "OBJ_244" = {
         isa = "PBXBuildFile";
         fileRef = "OBJ_122";
      };
      "OBJ_245" = {
         isa = "PBXBuildFile";
         fileRef = "OBJ_123";
      };
      "OBJ_246" = {
         isa = "PBXBuildFile";
         fileRef = "OBJ_124";
      };
      "OBJ_247" = {
         isa = "PBXBuildFile";
         fileRef = "OBJ_125";
      };
      "OBJ_248" = {
         isa = "PBXBuildFile";
         fileRef = "OBJ_126";
      };
      "OBJ_249" = {
         isa = "PBXBuildFile";
         fileRef = "OBJ_127";
      };
      "OBJ_25" = {
         isa = "PBXFileReference";
         path = "UserInfo.swift";
         sourceTree = "<group>";
      };
      "OBJ_250" = {
         isa = "PBXBuildFile";
         fileRef = "OBJ_129";
      };
      "OBJ_251" = {
         isa = "PBXBuildFile";
         fileRef = "OBJ_130";
      };
      "OBJ_252" = {
         isa = "PBXBuildFile";
         fileRef = "OBJ_131";
      };
      "OBJ_253" = {
         isa = "PBXBuildFile";
         fileRef = "OBJ_132";
      };
      "OBJ_254" = {
         isa = "PBXBuildFile";
         fileRef = "OBJ_133";
      };
      "OBJ_255" = {
         isa = "PBXBuildFile";
         fileRef = "OBJ_134";
      };
      "OBJ_256" = {
         isa = "PBXBuildFile";
         fileRef = "OBJ_135";
      };
      "OBJ_257" = {
         isa = "PBXBuildFile";
         fileRef = "OBJ_136";
      };
      "OBJ_258" = {
         isa = "PBXBuildFile";
         fileRef = "OBJ_137";
      };
      "OBJ_259" = {
         isa = "PBXBuildFile";
         fileRef = "OBJ_138";
      };
      "OBJ_26" = {
         isa = "PBXGroup";
         children = (
            "OBJ_27",
            "OBJ_28",
            "OBJ_29"
         );
         name = "Network";
         path = "Network";
         sourceTree = "<group>";
      };
      "OBJ_260" = {
         isa = "PBXBuildFile";
         fileRef = "OBJ_139";
      };
      "OBJ_261" = {
         isa = "PBXBuildFile";
         fileRef = "OBJ_140";
      };
      "OBJ_262" = {
         isa = "PBXBuildFile";
         fileRef = "OBJ_141";
      };
      "OBJ_263" = {
         isa = "PBXBuildFile";
         fileRef = "OBJ_142";
      };
      "OBJ_264" = {
         isa = "PBXBuildFile";
         fileRef = "OBJ_143";
      };
      "OBJ_265" = {
         isa = "PBXBuildFile";
         fileRef = "OBJ_144";
      };
      "OBJ_266" = {
         isa = "PBXBuildFile";
         fileRef = "OBJ_145";
      };
      "OBJ_267" = {
         isa = "PBXBuildFile";
         fileRef = "OBJ_146";
      };
      "OBJ_268" = {
         isa = "PBXBuildFile";
         fileRef = "OBJ_147";
      };
      "OBJ_269" = {
         isa = "PBXBuildFile";
         fileRef = "OBJ_148";
      };
      "OBJ_27" = {
         isa = "PBXFileReference";
         path = "Connection.swift";
         sourceTree = "<group>";
      };
      "OBJ_270" = {
         isa = "PBXBuildFile";
         fileRef = "OBJ_149";
      };
      "OBJ_271" = {
         isa = "PBXBuildFile";
         fileRef = "OBJ_150";
      };
      "OBJ_272" = {
         isa = "PBXBuildFile";
         fileRef = "OBJ_151";
      };
      "OBJ_273" = {
         isa = "PBXBuildFile";
         fileRef = "OBJ_152";
      };
      "OBJ_274" = {
         isa = "PBXFrameworksBuildPhase";
         files = (
         );
      };
      "OBJ_276" = {
         isa = "XCConfigurationList";
         buildConfigurations = (
            "OBJ_277",
            "OBJ_278"
         );
         defaultConfigurationIsVisible = "0";
         defaultConfigurationName = "Release";
      };
      "OBJ_277" = {
         isa = "XCBuildConfiguration";
         buildSettings = {
            LD = "/usr/bin/true";
            OTHER_SWIFT_FLAGS = (
               "-swift-version",
               "5",
               "-I",
               "$(TOOLCHAIN_DIR)/usr/lib/swift/pm/4_2",
               "-target",
               "x86_64-apple-macosx10.10",
               "-sdk",
               "/Applications/Xcode.app/Contents/Developer/Platforms/MacOSX.platform/Developer/SDKs/MacOSX10.15.sdk",
               "-package-description-version",
               "5.0.0"
            );
            SWIFT_VERSION = "5.0";
         };
         name = "Debug";
      };
      "OBJ_278" = {
         isa = "XCBuildConfiguration";
         buildSettings = {
            LD = "/usr/bin/true";
            OTHER_SWIFT_FLAGS = (
               "-swift-version",
               "5",
               "-I",
               "$(TOOLCHAIN_DIR)/usr/lib/swift/pm/4_2",
               "-target",
               "x86_64-apple-macosx10.10",
               "-sdk",
               "/Applications/Xcode.app/Contents/Developer/Platforms/MacOSX.platform/Developer/SDKs/MacOSX10.15.sdk",
               "-package-description-version",
               "5.0.0"
            );
            SWIFT_VERSION = "5.0";
         };
         name = "Release";
      };
      "OBJ_279" = {
         isa = "PBXSourcesBuildPhase";
         files = (
            "OBJ_280"
         );
      };
      "OBJ_28" = {
         isa = "PBXFileReference";
         path = "P7Socket.swift";
         sourceTree = "<group>";
      };
      "OBJ_280" = {
         isa = "PBXBuildFile";
         fileRef = "OBJ_153";
      };
      "OBJ_282" = {
         isa = "XCConfigurationList";
         buildConfigurations = (
            "OBJ_283",
            "OBJ_284"
         );
         defaultConfigurationIsVisible = "0";
         defaultConfigurationName = "Release";
      };
      "OBJ_283" = {
         isa = "XCBuildConfiguration";
         buildSettings = {
            ENABLE_TESTABILITY = "YES";
            FRAMEWORK_SEARCH_PATHS = (
               "$(inherited)",
               "$(PLATFORM_DIR)/Developer/Library/Frameworks"
            );
            HEADER_SEARCH_PATHS = (
               "$(inherited)"
            );
            INFOPLIST_FILE = "WiredSwift.xcodeproj/CryptorRSA_Info.plist";
            IPHONEOS_DEPLOYMENT_TARGET = "8.0";
            LD_RUNPATH_SEARCH_PATHS = (
               "$(inherited)",
               "$(TOOLCHAIN_DIR)/usr/lib/swift/macosx"
            );
            MACOSX_DEPLOYMENT_TARGET = "10.10";
            OTHER_CFLAGS = (
               "$(inherited)"
            );
            OTHER_LDFLAGS = (
               "$(inherited)"
            );
            OTHER_SWIFT_FLAGS = (
               "$(inherited)"
            );
            PRODUCT_BUNDLE_IDENTIFIER = "CryptorRSA";
            PRODUCT_MODULE_NAME = "$(TARGET_NAME:c99extidentifier)";
            PRODUCT_NAME = "$(TARGET_NAME:c99extidentifier)";
            SKIP_INSTALL = "YES";
            SWIFT_ACTIVE_COMPILATION_CONDITIONS = (
               "$(inherited)"
            );
            SWIFT_VERSION = "5.0";
            TARGET_NAME = "CryptorRSA";
            TVOS_DEPLOYMENT_TARGET = "9.0";
            WATCHOS_DEPLOYMENT_TARGET = "2.0";
         };
         name = "Debug";
      };
      "OBJ_284" = {
         isa = "XCBuildConfiguration";
         buildSettings = {
            ENABLE_TESTABILITY = "YES";
            FRAMEWORK_SEARCH_PATHS = (
               "$(inherited)",
               "$(PLATFORM_DIR)/Developer/Library/Frameworks"
            );
            HEADER_SEARCH_PATHS = (
               "$(inherited)"
            );
            INFOPLIST_FILE = "WiredSwift.xcodeproj/CryptorRSA_Info.plist";
            IPHONEOS_DEPLOYMENT_TARGET = "8.0";
            LD_RUNPATH_SEARCH_PATHS = (
               "$(inherited)",
               "$(TOOLCHAIN_DIR)/usr/lib/swift/macosx"
            );
            MACOSX_DEPLOYMENT_TARGET = "10.10";
            OTHER_CFLAGS = (
               "$(inherited)"
            );
            OTHER_LDFLAGS = (
               "$(inherited)"
            );
            OTHER_SWIFT_FLAGS = (
               "$(inherited)"
            );
            PRODUCT_BUNDLE_IDENTIFIER = "CryptorRSA";
            PRODUCT_MODULE_NAME = "$(TARGET_NAME:c99extidentifier)";
            PRODUCT_NAME = "$(TARGET_NAME:c99extidentifier)";
            SKIP_INSTALL = "YES";
            SWIFT_ACTIVE_COMPILATION_CONDITIONS = (
               "$(inherited)"
            );
            SWIFT_VERSION = "5.0";
            TARGET_NAME = "CryptorRSA";
            TVOS_DEPLOYMENT_TARGET = "9.0";
            WATCHOS_DEPLOYMENT_TARGET = "2.0";
         };
         name = "Release";
      };
      "OBJ_285" = {
         isa = "PBXSourcesBuildPhase";
         files = (
            "OBJ_286",
            "OBJ_287",
            "OBJ_288",
            "OBJ_289",
            "OBJ_290",
            "OBJ_291",
            "OBJ_292",
            "OBJ_293"
         );
      };
      "OBJ_286" = {
         isa = "PBXBuildFile";
         fileRef = "OBJ_63";
      };
      "OBJ_287" = {
         isa = "PBXBuildFile";
         fileRef = "OBJ_64";
      };
      "OBJ_288" = {
         isa = "PBXBuildFile";
         fileRef = "OBJ_65";
      };
      "OBJ_289" = {
         isa = "PBXBuildFile";
         fileRef = "OBJ_66";
      };
      "OBJ_29" = {
         isa = "PBXFileReference";
         path = "Url.swift";
         sourceTree = "<group>";
      };
      "OBJ_290" = {
         isa = "PBXBuildFile";
         fileRef = "OBJ_67";
      };
      "OBJ_291" = {
         isa = "PBXBuildFile";
         fileRef = "OBJ_68";
      };
      "OBJ_292" = {
         isa = "PBXBuildFile";
         fileRef = "OBJ_69";
      };
      "OBJ_293" = {
         isa = "PBXBuildFile";
         fileRef = "OBJ_70";
      };
      "OBJ_294" = {
         isa = "PBXFrameworksBuildPhase";
         files = (
         );
      };
      "OBJ_296" = {
         isa = "XCConfigurationList";
         buildConfigurations = (
            "OBJ_297",
            "OBJ_298"
         );
         defaultConfigurationIsVisible = "0";
         defaultConfigurationName = "Release";
      };
      "OBJ_297" = {
         isa = "XCBuildConfiguration";
         buildSettings = {
            LD = "/usr/bin/true";
            OTHER_SWIFT_FLAGS = (
               "-swift-version",
               "5",
               "-I",
               "$(TOOLCHAIN_DIR)/usr/lib/swift/pm/4_2",
               "-target",
               "x86_64-apple-macosx10.10",
               "-sdk",
               "/Applications/Xcode.app/Contents/Developer/Platforms/MacOSX.platform/Developer/SDKs/MacOSX10.15.sdk",
               "-package-description-version",
               "5.0.0"
            );
            SWIFT_VERSION = "5.0";
         };
         name = "Debug";
      };
      "OBJ_298" = {
         isa = "XCBuildConfiguration";
         buildSettings = {
            LD = "/usr/bin/true";
            OTHER_SWIFT_FLAGS = (
               "-swift-version",
               "5",
               "-I",
               "$(TOOLCHAIN_DIR)/usr/lib/swift/pm/4_2",
               "-target",
               "x86_64-apple-macosx10.10",
               "-sdk",
               "/Applications/Xcode.app/Contents/Developer/Platforms/MacOSX.platform/Developer/SDKs/MacOSX10.15.sdk",
               "-package-description-version",
               "5.0.0"
            );
            SWIFT_VERSION = "5.0";
         };
         name = "Release";
      };
      "OBJ_299" = {
         isa = "PBXSourcesBuildPhase";
         files = (
            "OBJ_300"
         );
      };
      "OBJ_3" = {
         isa = "XCBuildConfiguration";
         buildSettings = {
            CLANG_ENABLE_OBJC_ARC = "YES";
            COMBINE_HIDPI_IMAGES = "YES";
            COPY_PHASE_STRIP = "NO";
            DEBUG_INFORMATION_FORMAT = "dwarf";
            DYLIB_INSTALL_NAME_BASE = "@rpath";
            ENABLE_NS_ASSERTIONS = "YES";
            GCC_OPTIMIZATION_LEVEL = "0";
            GCC_PREPROCESSOR_DEFINITIONS = (
               "$(inherited)",
               "SWIFT_PACKAGE=1",
               "DEBUG=1"
            );
            MACOSX_DEPLOYMENT_TARGET = "10.10";
            ONLY_ACTIVE_ARCH = "YES";
            OTHER_SWIFT_FLAGS = (
               "$(inherited)",
               "-DXcode"
            );
            PRODUCT_NAME = "$(TARGET_NAME)";
            SDKROOT = "macosx";
            SUPPORTED_PLATFORMS = (
               "macosx",
               "iphoneos",
               "iphonesimulator",
               "appletvos",
               "appletvsimulator",
               "watchos",
               "watchsimulator"
            );
            SWIFT_ACTIVE_COMPILATION_CONDITIONS = (
               "$(inherited)",
               "SWIFT_PACKAGE",
               "DEBUG"
            );
            SWIFT_OPTIMIZATION_LEVEL = "-Onone";
            USE_HEADERMAP = "NO";
         };
         name = "Debug";
      };
      "OBJ_30" = {
         isa = "PBXGroup";
         children = (
            "OBJ_31",
            "OBJ_32",
            "OBJ_33",
            "OBJ_34",
            "OBJ_35",
            "OBJ_36",
            "OBJ_37"
         );
         name = "P7";
         path = "P7";
         sourceTree = "<group>";
      };
      "OBJ_300" = {
         isa = "PBXBuildFile";
         fileRef = "OBJ_71";
      };
      "OBJ_302" = {
         isa = "XCConfigurationList";
         buildConfigurations = (
            "OBJ_303",
            "OBJ_304"
         );
         defaultConfigurationIsVisible = "0";
         defaultConfigurationName = "Release";
      };
      "OBJ_303" = {
         isa = "XCBuildConfiguration";
         buildSettings = {
            ENABLE_TESTABILITY = "YES";
            FRAMEWORK_SEARCH_PATHS = (
               "$(inherited)",
               "$(PLATFORM_DIR)/Developer/Library/Frameworks"
            );
            HEADER_SEARCH_PATHS = (
               "$(inherited)",
               "$(SRCROOT)/.build/checkouts/GzipSwift/Sources/system-zlib/include"
            );
            INFOPLIST_FILE = "WiredSwift.xcodeproj/Gzip_Info.plist";
            IPHONEOS_DEPLOYMENT_TARGET = "8.0";
            LD_RUNPATH_SEARCH_PATHS = (
               "$(inherited)",
               "$(TOOLCHAIN_DIR)/usr/lib/swift/macosx"
            );
            MACOSX_DEPLOYMENT_TARGET = "10.10";
            OTHER_CFLAGS = (
               "$(inherited)"
            );
            OTHER_LDFLAGS = (
               "$(inherited)"
            );
            OTHER_SWIFT_FLAGS = (
               "$(inherited)",
               "-Xcc",
               "-fmodule-map-file=$(SRCROOT)/.build/checkouts/GzipSwift/Sources/system-zlib/include/module.modulemap"
            );
            PRODUCT_BUNDLE_IDENTIFIER = "Gzip";
            PRODUCT_MODULE_NAME = "$(TARGET_NAME:c99extidentifier)";
            PRODUCT_NAME = "$(TARGET_NAME:c99extidentifier)";
            SKIP_INSTALL = "YES";
            SWIFT_ACTIVE_COMPILATION_CONDITIONS = (
               "$(inherited)"
            );
            SWIFT_VERSION = "5.0";
            TARGET_NAME = "Gzip";
            TVOS_DEPLOYMENT_TARGET = "9.0";
            WATCHOS_DEPLOYMENT_TARGET = "2.0";
         };
         name = "Debug";
      };
      "OBJ_304" = {
         isa = "XCBuildConfiguration";
         buildSettings = {
            ENABLE_TESTABILITY = "YES";
            FRAMEWORK_SEARCH_PATHS = (
               "$(inherited)",
               "$(PLATFORM_DIR)/Developer/Library/Frameworks"
            );
            HEADER_SEARCH_PATHS = (
               "$(inherited)",
               "$(SRCROOT)/.build/checkouts/GzipSwift/Sources/system-zlib/include"
            );
            INFOPLIST_FILE = "WiredSwift.xcodeproj/Gzip_Info.plist";
            IPHONEOS_DEPLOYMENT_TARGET = "8.0";
            LD_RUNPATH_SEARCH_PATHS = (
               "$(inherited)",
               "$(TOOLCHAIN_DIR)/usr/lib/swift/macosx"
            );
            MACOSX_DEPLOYMENT_TARGET = "10.10";
            OTHER_CFLAGS = (
               "$(inherited)"
            );
            OTHER_LDFLAGS = (
               "$(inherited)"
            );
            OTHER_SWIFT_FLAGS = (
               "$(inherited)",
               "-Xcc",
               "-fmodule-map-file=$(SRCROOT)/.build/checkouts/GzipSwift/Sources/system-zlib/include/module.modulemap"
            );
            PRODUCT_BUNDLE_IDENTIFIER = "Gzip";
            PRODUCT_MODULE_NAME = "$(TARGET_NAME:c99extidentifier)";
            PRODUCT_NAME = "$(TARGET_NAME:c99extidentifier)";
            SKIP_INSTALL = "YES";
            SWIFT_ACTIVE_COMPILATION_CONDITIONS = (
               "$(inherited)"
            );
            SWIFT_VERSION = "5.0";
            TARGET_NAME = "Gzip";
            TVOS_DEPLOYMENT_TARGET = "9.0";
            WATCHOS_DEPLOYMENT_TARGET = "2.0";
         };
         name = "Release";
      };
      "OBJ_305" = {
         isa = "PBXSourcesBuildPhase";
         files = (
            "OBJ_306"
         );
      };
      "OBJ_306" = {
         isa = "PBXBuildFile";
         fileRef = "OBJ_55";
      };
      "OBJ_307" = {
         isa = "PBXFrameworksBuildPhase";
         files = (
            "OBJ_308"
         );
      };
      "OBJ_308" = {
         isa = "PBXBuildFile";
         fileRef = "Gzip::system-zlib::Product";
      };
      "OBJ_309" = {
         isa = "PBXTargetDependency";
         target = "Gzip::system-zlib";
      };
      "OBJ_31" = {
         isa = "PBXFileReference";
         path = "P7Message.swift";
         sourceTree = "<group>";
      };
      "OBJ_312" = {
         isa = "XCConfigurationList";
         buildConfigurations = (
            "OBJ_313",
            "OBJ_314"
         );
         defaultConfigurationIsVisible = "0";
         defaultConfigurationName = "Release";
      };
      "OBJ_313" = {
         isa = "XCBuildConfiguration";
         buildSettings = {
            LD = "/usr/bin/true";
            OTHER_SWIFT_FLAGS = (
               "-swift-version",
               "5",
               "-I",
               "$(TOOLCHAIN_DIR)/usr/lib/swift/pm/4_2",
               "-target",
               "x86_64-apple-macosx10.10",
               "-sdk",
               "/Applications/Xcode.app/Contents/Developer/Platforms/MacOSX.platform/Developer/SDKs/MacOSX10.15.sdk",
               "-package-description-version",
               "5.0.0"
            );
            SWIFT_VERSION = "5.0";
         };
         name = "Debug";
      };
      "OBJ_314" = {
         isa = "XCBuildConfiguration";
         buildSettings = {
            LD = "/usr/bin/true";
            OTHER_SWIFT_FLAGS = (
               "-swift-version",
               "5",
               "-I",
               "$(TOOLCHAIN_DIR)/usr/lib/swift/pm/4_2",
               "-target",
               "x86_64-apple-macosx10.10",
               "-sdk",
               "/Applications/Xcode.app/Contents/Developer/Platforms/MacOSX.platform/Developer/SDKs/MacOSX10.15.sdk",
               "-package-description-version",
               "5.0.0"
            );
            SWIFT_VERSION = "5.0";
         };
         name = "Release";
      };
      "OBJ_315" = {
         isa = "PBXSourcesBuildPhase";
         files = (
            "OBJ_316"
         );
      };
      "OBJ_316" = {
         isa = "PBXBuildFile";
         fileRef = "OBJ_60";
      };
      "OBJ_318" = {
         isa = "XCConfigurationList";
         buildConfigurations = (
            "OBJ_319",
            "OBJ_320"
         );
         defaultConfigurationIsVisible = "0";
         defaultConfigurationName = "Release";
      };
      "OBJ_319" = {
         isa = "XCBuildConfiguration";
         buildSettings = {
            ENABLE_TESTABILITY = "YES";
            FRAMEWORK_SEARCH_PATHS = (
               "$(inherited)",
               "$(PLATFORM_DIR)/Developer/Library/Frameworks"
            );
            HEADER_SEARCH_PATHS = (
               "$(inherited)"
            );
            INFOPLIST_FILE = "WiredSwift.xcodeproj/SocketSwift_Info.plist";
            LD_RUNPATH_SEARCH_PATHS = (
               "$(inherited)",
               "$(TOOLCHAIN_DIR)/usr/lib/swift/macosx"
            );
            OTHER_CFLAGS = (
               "$(inherited)"
            );
            OTHER_LDFLAGS = (
               "$(inherited)"
            );
            OTHER_SWIFT_FLAGS = (
               "$(inherited)"
            );
            PRODUCT_BUNDLE_IDENTIFIER = "SocketSwift";
            PRODUCT_MODULE_NAME = "$(TARGET_NAME:c99extidentifier)";
            PRODUCT_NAME = "$(TARGET_NAME:c99extidentifier)";
            SKIP_INSTALL = "YES";
            SWIFT_ACTIVE_COMPILATION_CONDITIONS = (
               "$(inherited)"
            );
            SWIFT_VERSION = "4.0";
            TARGET_NAME = "SocketSwift";
         };
         name = "Debug";
      };
      "OBJ_32" = {
         isa = "PBXFileReference";
         path = "P7Spec.swift";
         sourceTree = "<group>";
      };
      "OBJ_320" = {
         isa = "XCBuildConfiguration";
         buildSettings = {
            ENABLE_TESTABILITY = "YES";
            FRAMEWORK_SEARCH_PATHS = (
               "$(inherited)",
               "$(PLATFORM_DIR)/Developer/Library/Frameworks"
            );
            HEADER_SEARCH_PATHS = (
               "$(inherited)"
            );
            INFOPLIST_FILE = "WiredSwift.xcodeproj/SocketSwift_Info.plist";
            LD_RUNPATH_SEARCH_PATHS = (
               "$(inherited)",
               "$(TOOLCHAIN_DIR)/usr/lib/swift/macosx"
            );
            OTHER_CFLAGS = (
               "$(inherited)"
            );
            OTHER_LDFLAGS = (
               "$(inherited)"
            );
            OTHER_SWIFT_FLAGS = (
               "$(inherited)"
            );
            PRODUCT_BUNDLE_IDENTIFIER = "SocketSwift";
            PRODUCT_MODULE_NAME = "$(TARGET_NAME:c99extidentifier)";
            PRODUCT_NAME = "$(TARGET_NAME:c99extidentifier)";
            SKIP_INSTALL = "YES";
            SWIFT_ACTIVE_COMPILATION_CONDITIONS = (
               "$(inherited)"
            );
            SWIFT_VERSION = "4.0";
            TARGET_NAME = "SocketSwift";
         };
         name = "Release";
      };
      "OBJ_321" = {
         isa = "PBXSourcesBuildPhase";
         files = (
            "OBJ_322",
            "OBJ_323",
            "OBJ_324",
            "OBJ_325",
            "OBJ_326",
            "OBJ_327",
            "OBJ_328",
            "OBJ_329"
         );
      };
      "OBJ_322" = {
         isa = "PBXBuildFile";
         fileRef = "OBJ_45";
      };
      "OBJ_323" = {
         isa = "PBXBuildFile";
         fileRef = "OBJ_46";
      };
      "OBJ_324" = {
         isa = "PBXBuildFile";
         fileRef = "OBJ_47";
      };
      "OBJ_325" = {
         isa = "PBXBuildFile";
         fileRef = "OBJ_48";
      };
      "OBJ_326" = {
         isa = "PBXBuildFile";
         fileRef = "OBJ_49";
      };
      "OBJ_327" = {
         isa = "PBXBuildFile";
         fileRef = "OBJ_50";
      };
      "OBJ_328" = {
         isa = "PBXBuildFile";
         fileRef = "OBJ_51";
      };
      "OBJ_329" = {
         isa = "PBXBuildFile";
         fileRef = "OBJ_52";
      };
      "OBJ_33" = {
         isa = "PBXFileReference";
         path = "P7SpecError.swift";
         sourceTree = "<group>";
      };
      "OBJ_330" = {
         isa = "PBXFrameworksBuildPhase";
         files = (
         );
      };
      "OBJ_332" = {
         isa = "XCConfigurationList";
         buildConfigurations = (
            "OBJ_333",
            "OBJ_334"
         );
         defaultConfigurationIsVisible = "0";
         defaultConfigurationName = "Release";
      };
      "OBJ_333" = {
         isa = "XCBuildConfiguration";
         buildSettings = {
            LD = "/usr/bin/true";
            OTHER_SWIFT_FLAGS = (
               "-swift-version",
               "4",
               "-I",
               "$(TOOLCHAIN_DIR)/usr/lib/swift/pm/4",
               "-target",
               "x86_64-apple-macosx10.10",
               "-sdk",
               "/Applications/Xcode.app/Contents/Developer/Platforms/MacOSX.platform/Developer/SDKs/MacOSX10.15.sdk",
               "-package-description-version",
               "4.0.0"
            );
            SWIFT_VERSION = "4.0";
         };
         name = "Debug";
      };
      "OBJ_334" = {
         isa = "XCBuildConfiguration";
         buildSettings = {
            LD = "/usr/bin/true";
            OTHER_SWIFT_FLAGS = (
               "-swift-version",
               "4",
               "-I",
               "$(TOOLCHAIN_DIR)/usr/lib/swift/pm/4",
               "-target",
               "x86_64-apple-macosx10.10",
               "-sdk",
               "/Applications/Xcode.app/Contents/Developer/Platforms/MacOSX.platform/Developer/SDKs/MacOSX10.15.sdk",
               "-package-description-version",
               "4.0.0"
            );
            SWIFT_VERSION = "4.0";
         };
         name = "Release";
      };
      "OBJ_335" = {
         isa = "PBXSourcesBuildPhase";
         files = (
            "OBJ_336"
         );
      };
      "OBJ_336" = {
         isa = "PBXBuildFile";
         fileRef = "OBJ_44";
      };
      "OBJ_338" = {
         isa = "XCConfigurationList";
         buildConfigurations = (
            "OBJ_339",
            "OBJ_340"
         );
         defaultConfigurationIsVisible = "0";
         defaultConfigurationName = "Release";
      };
      "OBJ_339" = {
         isa = "XCBuildConfiguration";
         buildSettings = {
            ENABLE_TESTABILITY = "YES";
            FRAMEWORK_SEARCH_PATHS = (
               "$(inherited)",
               "$(PLATFORM_DIR)/Developer/Library/Frameworks"
            );
            HEADER_SEARCH_PATHS = (
               "$(inherited)",
               "$(SRCROOT)/.build/checkouts/GzipSwift/Sources/system-zlib/include",
               "$(SRCROOT)/.build/checkouts/CZlib"
            );
            INFOPLIST_FILE = "WiredSwift.xcodeproj/WiredSwift_Info.plist";
            IPHONEOS_DEPLOYMENT_TARGET = "12.0";
            LD_RUNPATH_SEARCH_PATHS = (
               "$(inherited)",
               "$(TOOLCHAIN_DIR)/usr/lib/swift/macosx"
            );
            MACOSX_DEPLOYMENT_TARGET = "10.13";
            OTHER_CFLAGS = (
               "$(inherited)"
            );
            OTHER_LDFLAGS = (
               "$(inherited)"
            );
            OTHER_SWIFT_FLAGS = (
               "$(inherited)",
               "-Xcc",
               "-fmodule-map-file=$(SRCROOT)/.build/checkouts/GzipSwift/Sources/system-zlib/include/module.modulemap"
            );
            PRODUCT_BUNDLE_IDENTIFIER = "WiredSwift";
            PRODUCT_MODULE_NAME = "$(TARGET_NAME:c99extidentifier)";
            PRODUCT_NAME = "$(TARGET_NAME:c99extidentifier)";
            SKIP_INSTALL = "YES";
            SWIFT_ACTIVE_COMPILATION_CONDITIONS = (
               "$(inherited)"
            );
            SWIFT_VERSION = "5.0";
            TARGET_NAME = "WiredSwift";
            TVOS_DEPLOYMENT_TARGET = "9.0";
            WATCHOS_DEPLOYMENT_TARGET = "2.0";
         };
         name = "Debug";
      };
      "OBJ_34" = {
         isa = "PBXFileReference";
         path = "P7SpecField.swift";
         sourceTree = "<group>";
      };
      "OBJ_340" = {
         isa = "XCBuildConfiguration";
         buildSettings = {
            ENABLE_TESTABILITY = "YES";
            FRAMEWORK_SEARCH_PATHS = (
               "$(inherited)",
               "$(PLATFORM_DIR)/Developer/Library/Frameworks"
            );
            HEADER_SEARCH_PATHS = (
               "$(inherited)",
               "$(SRCROOT)/.build/checkouts/GzipSwift/Sources/system-zlib/include",
               "$(SRCROOT)/.build/checkouts/CZlib"
            );
            INFOPLIST_FILE = "WiredSwift.xcodeproj/WiredSwift_Info.plist";
            IPHONEOS_DEPLOYMENT_TARGET = "12.0";
            LD_RUNPATH_SEARCH_PATHS = (
               "$(inherited)",
               "$(TOOLCHAIN_DIR)/usr/lib/swift/macosx"
            );
            MACOSX_DEPLOYMENT_TARGET = "10.13";
            OTHER_CFLAGS = (
               "$(inherited)"
            );
            OTHER_LDFLAGS = (
               "$(inherited)"
            );
            OTHER_SWIFT_FLAGS = (
               "$(inherited)",
               "-Xcc",
               "-fmodule-map-file=$(SRCROOT)/.build/checkouts/GzipSwift/Sources/system-zlib/include/module.modulemap"
            );
            PRODUCT_BUNDLE_IDENTIFIER = "WiredSwift";
            PRODUCT_MODULE_NAME = "$(TARGET_NAME:c99extidentifier)";
            PRODUCT_NAME = "$(TARGET_NAME:c99extidentifier)";
            SKIP_INSTALL = "YES";
            SWIFT_ACTIVE_COMPILATION_CONDITIONS = (
               "$(inherited)"
            );
            SWIFT_VERSION = "5.0";
            TARGET_NAME = "WiredSwift";
            TVOS_DEPLOYMENT_TARGET = "9.0";
            WATCHOS_DEPLOYMENT_TARGET = "2.0";
         };
         name = "Release";
      };
      "OBJ_341" = {
         isa = "PBXSourcesBuildPhase";
         files = (
            "OBJ_342",
            "OBJ_343",
            "OBJ_344",
            "OBJ_345",
            "OBJ_346",
            "OBJ_347",
            "OBJ_348",
            "OBJ_349",
            "OBJ_350",
            "OBJ_351",
            "OBJ_352",
            "OBJ_353",
            "OBJ_354",
            "OBJ_355",
            "OBJ_356",
            "OBJ_357",
            "OBJ_358",
            "OBJ_359",
            "OBJ_360",
            "OBJ_361"
         );
      };
      "OBJ_342" = {
         isa = "PBXBuildFile";
         fileRef = "OBJ_13";
      };
      "OBJ_343" = {
         isa = "PBXBuildFile";
         fileRef = "OBJ_14";
      };
      "OBJ_344" = {
         isa = "PBXBuildFile";
         fileRef = "OBJ_16";
      };
      "OBJ_345" = {
         isa = "PBXBuildFile";
         fileRef = "OBJ_17";
      };
      "OBJ_346" = {
         isa = "PBXBuildFile";
         fileRef = "OBJ_18";
      };
      "OBJ_347" = {
         isa = "PBXBuildFile";
         fileRef = "OBJ_20";
      };
      "OBJ_348" = {
         isa = "PBXBuildFile";
         fileRef = "OBJ_21";
      };
      "OBJ_349" = {
         isa = "PBXBuildFile";
         fileRef = "OBJ_22";
      };
      "OBJ_35" = {
         isa = "PBXFileReference";
         path = "P7SpecItem.swift";
         sourceTree = "<group>";
      };
      "OBJ_350" = {
         isa = "PBXBuildFile";
         fileRef = "OBJ_24";
      };
      "OBJ_351" = {
         isa = "PBXBuildFile";
         fileRef = "OBJ_25";
      };
      "OBJ_352" = {
         isa = "PBXBuildFile";
         fileRef = "OBJ_27";
      };
      "OBJ_353" = {
         isa = "PBXBuildFile";
         fileRef = "OBJ_28";
      };
      "OBJ_354" = {
         isa = "PBXBuildFile";
         fileRef = "OBJ_29";
      };
      "OBJ_355" = {
         isa = "PBXBuildFile";
         fileRef = "OBJ_31";
      };
      "OBJ_356" = {
         isa = "PBXBuildFile";
         fileRef = "OBJ_32";
      };
      "OBJ_357" = {
         isa = "PBXBuildFile";
         fileRef = "OBJ_33";
      };
      "OBJ_358" = {
         isa = "PBXBuildFile";
         fileRef = "OBJ_34";
      };
      "OBJ_359" = {
         isa = "PBXBuildFile";
         fileRef = "OBJ_35";
      };
      "OBJ_36" = {
         isa = "PBXFileReference";
         path = "P7SpecMessage.swift";
         sourceTree = "<group>";
      };
      "OBJ_360" = {
         isa = "PBXBuildFile";
         fileRef = "OBJ_36";
      };
      "OBJ_361" = {
         isa = "PBXBuildFile";
         fileRef = "OBJ_37";
      };
      "OBJ_362" = {
         isa = "PBXFrameworksBuildPhase";
         files = (
            "OBJ_363",
            "OBJ_364",
            "OBJ_365",
            "OBJ_366",
            "OBJ_367",
            "OBJ_368"
         );
      };
      "OBJ_363" = {
         isa = "PBXBuildFile";
         fileRef = "SocketSwift::SocketSwift::Product";
      };
      "OBJ_364" = {
         isa = "PBXBuildFile";
         fileRef = "Gzip::Gzip::Product";
      };
      "OBJ_365" = {
         isa = "PBXBuildFile";
         fileRef = "Gzip::system-zlib::Product";
      };
      "OBJ_366" = {
         isa = "PBXBuildFile";
         fileRef = "CryptorRSA::CryptorRSA::Product";
      };
      "OBJ_367" = {
         isa = "PBXBuildFile";
         fileRef = "CryptoSwift::CryptoSwift::Product";
      };
      "OBJ_368" = {
         isa = "PBXBuildFile";
         fileRef = "AEXML::AEXML::Product";
      };
      "OBJ_369" = {
         isa = "PBXTargetDependency";
         target = "SocketSwift::SocketSwift";
      };
      "OBJ_37" = {
         isa = "PBXFileReference";
         path = "P7SpecType.swift";
         sourceTree = "<group>";
      };
      "OBJ_370" = {
         isa = "PBXTargetDependency";
         target = "Gzip::Gzip";
      };
      "OBJ_371" = {
         isa = "PBXTargetDependency";
         target = "Gzip::system-zlib";
      };
      "OBJ_372" = {
         isa = "PBXTargetDependency";
         target = "CryptorRSA::CryptorRSA";
      };
      "OBJ_373" = {
         isa = "PBXTargetDependency";
         target = "CryptoSwift::CryptoSwift";
      };
      "OBJ_374" = {
         isa = "PBXTargetDependency";
         target = "AEXML::AEXML";
      };
      "OBJ_376" = {
         isa = "XCConfigurationList";
         buildConfigurations = (
            "OBJ_377",
            "OBJ_378"
         );
         defaultConfigurationIsVisible = "0";
         defaultConfigurationName = "Release";
      };
      "OBJ_377" = {
         isa = "XCBuildConfiguration";
         buildSettings = {
            LD = "/usr/bin/true";
            OTHER_SWIFT_FLAGS = (
               "-swift-version",
               "5",
               "-I",
               "$(TOOLCHAIN_DIR)/usr/lib/swift/pm/4_2",
               "-target",
               "x86_64-apple-macosx10.10",
               "-sdk",
               "/Applications/Xcode.app/Contents/Developer/Platforms/MacOSX.platform/Developer/SDKs/MacOSX10.15.sdk",
               "-package-description-version",
               "5.2.0"
            );
            SWIFT_VERSION = "5.0";
         };
         name = "Debug";
      };
      "OBJ_378" = {
         isa = "XCBuildConfiguration";
         buildSettings = {
            LD = "/usr/bin/true";
            OTHER_SWIFT_FLAGS = (
               "-swift-version",
               "5",
               "-I",
               "$(TOOLCHAIN_DIR)/usr/lib/swift/pm/4_2",
               "-target",
               "x86_64-apple-macosx10.10",
               "-sdk",
               "/Applications/Xcode.app/Contents/Developer/Platforms/MacOSX.platform/Developer/SDKs/MacOSX10.15.sdk",
               "-package-description-version",
               "5.2.0"
            );
            SWIFT_VERSION = "5.0";
         };
         name = "Release";
      };
      "OBJ_379" = {
         isa = "PBXSourcesBuildPhase";
         files = (
            "OBJ_380"
         );
      };
      "OBJ_38" = {
         isa = "PBXGroup";
         children = (
            "OBJ_39"
         );
         name = "Tests";
         path = "";
         sourceTree = "SOURCE_ROOT";
      };
      "OBJ_380" = {
         isa = "PBXBuildFile";
         fileRef = "OBJ_6";
      };
      "OBJ_382" = {
         isa = "XCConfigurationList";
         buildConfigurations = (
            "OBJ_383",
            "OBJ_384"
         );
         defaultConfigurationIsVisible = "0";
         defaultConfigurationName = "Release";
      };
      "OBJ_383" = {
         isa = "XCBuildConfiguration";
         buildSettings = {
         };
         name = "Debug";
      };
      "OBJ_384" = {
         isa = "XCBuildConfiguration";
         buildSettings = {
         };
         name = "Release";
      };
      "OBJ_385" = {
         isa = "PBXTargetDependency";
         target = "WiredSwift::WiredSwiftTests";
      };
      "OBJ_387" = {
         isa = "XCConfigurationList";
         buildConfigurations = (
            "OBJ_388",
            "OBJ_389"
         );
         defaultConfigurationIsVisible = "0";
         defaultConfigurationName = "Release";
      };
      "OBJ_388" = {
         isa = "XCBuildConfiguration";
         buildSettings = {
            CLANG_ENABLE_MODULES = "YES";
            EMBEDDED_CONTENT_CONTAINS_SWIFT = "YES";
            FRAMEWORK_SEARCH_PATHS = (
               "$(inherited)",
               "$(PLATFORM_DIR)/Developer/Library/Frameworks"
            );
            HEADER_SEARCH_PATHS = (
               "$(inherited)",
               "$(SRCROOT)/.build/checkouts/GzipSwift/Sources/system-zlib/include",
               "$(SRCROOT)/.build/checkouts/CZlib"
            );
            INFOPLIST_FILE = "WiredSwift.xcodeproj/WiredSwiftTests_Info.plist";
            IPHONEOS_DEPLOYMENT_TARGET = "12.0";
            LD_RUNPATH_SEARCH_PATHS = (
               "$(inherited)",
               "@loader_path/../Frameworks",
               "@loader_path/Frameworks"
            );
            MACOSX_DEPLOYMENT_TARGET = "10.13";
            OTHER_CFLAGS = (
               "$(inherited)"
            );
            OTHER_LDFLAGS = (
               "$(inherited)"
            );
            OTHER_SWIFT_FLAGS = (
               "$(inherited)",
               "-Xcc",
               "-fmodule-map-file=$(SRCROOT)/.build/checkouts/GzipSwift/Sources/system-zlib/include/module.modulemap"
            );
            SWIFT_ACTIVE_COMPILATION_CONDITIONS = (
               "$(inherited)"
            );
            SWIFT_VERSION = "5.0";
            TARGET_NAME = "WiredSwiftTests";
            TVOS_DEPLOYMENT_TARGET = "9.0";
            WATCHOS_DEPLOYMENT_TARGET = "2.0";
         };
         name = "Debug";
      };
      "OBJ_389" = {
         isa = "XCBuildConfiguration";
         buildSettings = {
            CLANG_ENABLE_MODULES = "YES";
            EMBEDDED_CONTENT_CONTAINS_SWIFT = "YES";
            FRAMEWORK_SEARCH_PATHS = (
               "$(inherited)",
               "$(PLATFORM_DIR)/Developer/Library/Frameworks"
            );
            HEADER_SEARCH_PATHS = (
               "$(inherited)",
               "$(SRCROOT)/.build/checkouts/GzipSwift/Sources/system-zlib/include",
               "$(SRCROOT)/.build/checkouts/CZlib"
            );
            INFOPLIST_FILE = "WiredSwift.xcodeproj/WiredSwiftTests_Info.plist";
            IPHONEOS_DEPLOYMENT_TARGET = "12.0";
            LD_RUNPATH_SEARCH_PATHS = (
               "$(inherited)",
               "@loader_path/../Frameworks",
               "@loader_path/Frameworks"
            );
            MACOSX_DEPLOYMENT_TARGET = "10.13";
            OTHER_CFLAGS = (
               "$(inherited)"
            );
            OTHER_LDFLAGS = (
               "$(inherited)"
            );
            OTHER_SWIFT_FLAGS = (
               "$(inherited)",
               "-Xcc",
               "-fmodule-map-file=$(SRCROOT)/.build/checkouts/GzipSwift/Sources/system-zlib/include/module.modulemap"
            );
            SWIFT_ACTIVE_COMPILATION_CONDITIONS = (
               "$(inherited)"
            );
            SWIFT_VERSION = "5.0";
            TARGET_NAME = "WiredSwiftTests";
            TVOS_DEPLOYMENT_TARGET = "9.0";
            WATCHOS_DEPLOYMENT_TARGET = "2.0";
         };
         name = "Release";
      };
      "OBJ_39" = {
         isa = "PBXGroup";
         children = (
            "OBJ_40",
            "OBJ_41"
         );
         name = "WiredSwiftTests";
         path = "Tests/WiredSwiftTests";
         sourceTree = "SOURCE_ROOT";
      };
      "OBJ_390" = {
         isa = "PBXSourcesBuildPhase";
         files = (
            "OBJ_391",
            "OBJ_392"
         );
      };
      "OBJ_391" = {
         isa = "PBXBuildFile";
         fileRef = "OBJ_40";
      };
      "OBJ_392" = {
         isa = "PBXBuildFile";
         fileRef = "OBJ_41";
      };
      "OBJ_393" = {
         isa = "PBXFrameworksBuildPhase";
         files = (
            "OBJ_394",
            "OBJ_395",
            "OBJ_396",
            "OBJ_397",
            "OBJ_398",
            "OBJ_399",
            "OBJ_400"
         );
      };
      "OBJ_394" = {
         isa = "PBXBuildFile";
         fileRef = "WiredSwift::WiredSwift::Product";
      };
      "OBJ_395" = {
         isa = "PBXBuildFile";
         fileRef = "SocketSwift::SocketSwift::Product";
      };
      "OBJ_396" = {
         isa = "PBXBuildFile";
         fileRef = "Gzip::Gzip::Product";
      };
      "OBJ_397" = {
         isa = "PBXBuildFile";
         fileRef = "Gzip::system-zlib::Product";
      };
      "OBJ_398" = {
         isa = "PBXBuildFile";
         fileRef = "CryptorRSA::CryptorRSA::Product";
      };
      "OBJ_399" = {
         isa = "PBXBuildFile";
         fileRef = "CryptoSwift::CryptoSwift::Product";
      };
      "OBJ_4" = {
         isa = "XCBuildConfiguration";
         buildSettings = {
            CLANG_ENABLE_OBJC_ARC = "YES";
            COMBINE_HIDPI_IMAGES = "YES";
            COPY_PHASE_STRIP = "YES";
            DEBUG_INFORMATION_FORMAT = "dwarf-with-dsym";
            DYLIB_INSTALL_NAME_BASE = "@rpath";
            GCC_OPTIMIZATION_LEVEL = "s";
            GCC_PREPROCESSOR_DEFINITIONS = (
               "$(inherited)",
               "SWIFT_PACKAGE=1"
            );
            MACOSX_DEPLOYMENT_TARGET = "10.10";
            OTHER_SWIFT_FLAGS = (
               "$(inherited)",
               "-DXcode"
            );
            PRODUCT_NAME = "$(TARGET_NAME)";
            SDKROOT = "macosx";
            SUPPORTED_PLATFORMS = (
               "macosx",
               "iphoneos",
               "iphonesimulator",
               "appletvos",
               "appletvsimulator",
               "watchos",
               "watchsimulator"
            );
            SWIFT_ACTIVE_COMPILATION_CONDITIONS = (
               "$(inherited)",
               "SWIFT_PACKAGE"
            );
            SWIFT_OPTIMIZATION_LEVEL = "-Owholemodule";
            USE_HEADERMAP = "NO";
         };
         name = "Release";
      };
      "OBJ_40" = {
         isa = "PBXFileReference";
         path = "WiredSwiftTests.swift";
         sourceTree = "<group>";
      };
      "OBJ_400" = {
         isa = "PBXBuildFile";
         fileRef = "AEXML::AEXML::Product";
      };
      "OBJ_401" = {
         isa = "PBXTargetDependency";
         target = "WiredSwift::WiredSwift";
      };
      "OBJ_402" = {
         isa = "PBXTargetDependency";
         target = "SocketSwift::SocketSwift";
      };
      "OBJ_403" = {
         isa = "PBXTargetDependency";
         target = "Gzip::Gzip";
      };
      "OBJ_404" = {
         isa = "PBXTargetDependency";
         target = "Gzip::system-zlib";
      };
      "OBJ_405" = {
         isa = "PBXTargetDependency";
         target = "CryptorRSA::CryptorRSA";
      };
      "OBJ_406" = {
         isa = "PBXTargetDependency";
         target = "CryptoSwift::CryptoSwift";
      };
      "OBJ_407" = {
         isa = "PBXTargetDependency";
         target = "AEXML::AEXML";
      };
      "OBJ_408" = {
         isa = "XCConfigurationList";
         buildConfigurations = (
            "OBJ_409",
            "OBJ_410"
         );
         defaultConfigurationIsVisible = "0";
         defaultConfigurationName = "Release";
      };
      "OBJ_409" = {
         isa = "XCBuildConfiguration";
         buildSettings = {
            DEFINES_MODULE = "NO";
            ENABLE_TESTABILITY = "YES";
            FRAMEWORK_SEARCH_PATHS = (
               "$(inherited)",
               "$(PLATFORM_DIR)/Developer/Library/Frameworks"
            );
            HEADER_SEARCH_PATHS = (
               "$(inherited)",
               "$(SRCROOT)/.build/checkouts/GzipSwift/Sources/system-zlib/include"
            );
            INFOPLIST_FILE = "WiredSwift.xcodeproj/system_zlib_Info.plist";
            IPHONEOS_DEPLOYMENT_TARGET = "8.0";
            LD_RUNPATH_SEARCH_PATHS = (
               "$(inherited)",
               "$(TOOLCHAIN_DIR)/usr/lib/swift/macosx"
            );
            MACOSX_DEPLOYMENT_TARGET = "10.10";
            OTHER_CFLAGS = (
               "$(inherited)"
            );
            OTHER_LDFLAGS = (
               "$(inherited)"
            );
            OTHER_SWIFT_FLAGS = (
               "$(inherited)"
            );
            PRODUCT_BUNDLE_IDENTIFIER = "system-zlib";
            PRODUCT_MODULE_NAME = "$(TARGET_NAME:c99extidentifier)";
            PRODUCT_NAME = "$(TARGET_NAME:c99extidentifier)";
            SKIP_INSTALL = "YES";
            SWIFT_ACTIVE_COMPILATION_CONDITIONS = (
               "$(inherited)"
            );
            TARGET_NAME = "system-zlib";
            TVOS_DEPLOYMENT_TARGET = "9.0";
            WATCHOS_DEPLOYMENT_TARGET = "2.0";
         };
         name = "Debug";
      };
      "OBJ_41" = {
         isa = "PBXFileReference";
         path = "XCTestManifests.swift";
         sourceTree = "<group>";
      };
      "OBJ_410" = {
         isa = "XCBuildConfiguration";
         buildSettings = {
            DEFINES_MODULE = "NO";
            ENABLE_TESTABILITY = "YES";
            FRAMEWORK_SEARCH_PATHS = (
               "$(inherited)",
               "$(PLATFORM_DIR)/Developer/Library/Frameworks"
            );
            HEADER_SEARCH_PATHS = (
               "$(inherited)",
               "$(SRCROOT)/.build/checkouts/GzipSwift/Sources/system-zlib/include"
            );
            INFOPLIST_FILE = "WiredSwift.xcodeproj/system_zlib_Info.plist";
            IPHONEOS_DEPLOYMENT_TARGET = "8.0";
            LD_RUNPATH_SEARCH_PATHS = (
               "$(inherited)",
               "$(TOOLCHAIN_DIR)/usr/lib/swift/macosx"
            );
            MACOSX_DEPLOYMENT_TARGET = "10.10";
            OTHER_CFLAGS = (
               "$(inherited)"
            );
            OTHER_LDFLAGS = (
               "$(inherited)"
            );
            OTHER_SWIFT_FLAGS = (
               "$(inherited)"
            );
            PRODUCT_BUNDLE_IDENTIFIER = "system-zlib";
            PRODUCT_MODULE_NAME = "$(TARGET_NAME:c99extidentifier)";
            PRODUCT_NAME = "$(TARGET_NAME:c99extidentifier)";
            SKIP_INSTALL = "YES";
            SWIFT_ACTIVE_COMPILATION_CONDITIONS = (
               "$(inherited)"
            );
            TARGET_NAME = "system-zlib";
            TVOS_DEPLOYMENT_TARGET = "9.0";
            WATCHOS_DEPLOYMENT_TARGET = "2.0";
         };
         name = "Release";
      };
      "OBJ_411" = {
         isa = "PBXSourcesBuildPhase";
         files = (
            "OBJ_412"
         );
      };
      "OBJ_412" = {
         isa = "PBXBuildFile";
         fileRef = "OBJ_57";
      };
      "OBJ_413" = {
         isa = "PBXFrameworksBuildPhase";
         files = (
         );
      };
      "OBJ_42" = {
         isa = "PBXGroup";
         children = (
            "OBJ_43",
            "OBJ_53",
            "OBJ_61",
            "OBJ_72",
            "OBJ_154"
         );
         name = "Dependencies";
         path = "";
         sourceTree = "<group>";
      };
      "OBJ_43" = {
         isa = "PBXGroup";
         children = (
            "OBJ_44",
            "OBJ_45",
            "OBJ_46",
            "OBJ_47",
            "OBJ_48",
            "OBJ_49",
            "OBJ_50",
            "OBJ_51",
            "OBJ_52"
         );
         name = "SocketSwift 2.4.0";
         path = ".build/checkouts/Socket.swift/Sources";
         sourceTree = "SOURCE_ROOT";
      };
      "OBJ_44" = {
         isa = "PBXFileReference";
         explicitFileType = "sourcecode.swift";
         name = "Package.swift";
         path = "/Users/nark/Development/Me/Swift/WiredSwift/.build/checkouts/Socket.swift/Package.swift";
         sourceTree = "<group>";
      };
      "OBJ_45" = {
         isa = "PBXFileReference";
         path = "Error.swift";
         sourceTree = "<group>";
      };
      "OBJ_46" = {
         isa = "PBXFileReference";
         path = "Family.swift";
         sourceTree = "<group>";
      };
      "OBJ_47" = {
         isa = "PBXFileReference";
         path = "OS.swift";
         sourceTree = "<group>";
      };
      "OBJ_48" = {
         isa = "PBXFileReference";
         path = "Option.swift";
         sourceTree = "<group>";
      };
      "OBJ_49" = {
         isa = "PBXFileReference";
         path = "Protocol.swift";
         sourceTree = "<group>";
      };
      "OBJ_5" = {
         isa = "PBXGroup";
         children = (
            "OBJ_6",
            "OBJ_7",
            "OBJ_38",
            "OBJ_42",
            "OBJ_162",
            "OBJ_171",
            "OBJ_172"
         );
         path = "";
         sourceTree = "<group>";
      };
      "OBJ_50" = {
         isa = "PBXFileReference";
         path = "Socket.swift";
         sourceTree = "<group>";
      };
      "OBJ_51" = {
         isa = "PBXFileReference";
         path = "TLS.swift";
         sourceTree = "<group>";
      };
      "OBJ_52" = {
         isa = "PBXFileReference";
         path = "Type.swift";
         sourceTree = "<group>";
      };
      "OBJ_53" = {
         isa = "PBXGroup";
         children = (
            "OBJ_54",
            "OBJ_56",
            "OBJ_60"
         );
         name = "Gzip 5.1.1";
         path = "";
         sourceTree = "SOURCE_ROOT";
      };
      "OBJ_54" = {
         isa = "PBXGroup";
         children = (
            "OBJ_55"
         );
         name = "Gzip";
         path = ".build/checkouts/GzipSwift/Sources/Gzip";
         sourceTree = "SOURCE_ROOT";
      };
      "OBJ_55" = {
         isa = "PBXFileReference";
         path = "Data+Gzip.swift";
         sourceTree = "<group>";
      };
      "OBJ_56" = {
         isa = "PBXGroup";
         children = (
            "OBJ_57",
            "OBJ_58"
         );
         name = "system-zlib";
         path = ".build/checkouts/GzipSwift/Sources/system-zlib";
         sourceTree = "SOURCE_ROOT";
      };
      "OBJ_57" = {
         isa = "PBXFileReference";
         path = "anchor.c";
         sourceTree = "<group>";
      };
      "OBJ_58" = {
         isa = "PBXGroup";
         children = (
            "OBJ_59"
         );
         name = "include";
         path = "include";
         sourceTree = "<group>";
      };
      "OBJ_59" = {
         isa = "PBXFileReference";
         name = "module.modulemap";
         path = "/Users/nark/Development/Me/Swift/WiredSwift/.build/checkouts/GzipSwift/Sources/system-zlib/include/module.modulemap";
         sourceTree = "<group>";
      };
      "OBJ_6" = {
         isa = "PBXFileReference";
         explicitFileType = "sourcecode.swift";
         path = "Package.swift";
         sourceTree = "<group>";
      };
      "OBJ_60" = {
         isa = "PBXFileReference";
         explicitFileType = "sourcecode.swift";
         name = "Package.swift";
         path = "/Users/nark/Development/Me/Swift/WiredSwift/.build/checkouts/GzipSwift/Package.swift";
         sourceTree = "<group>";
      };
      "OBJ_61" = {
         isa = "PBXGroup";
         children = (
            "OBJ_62",
            "OBJ_71"
         );
         name = "CryptorRSA 1.0.35";
         path = "";
         sourceTree = "SOURCE_ROOT";
      };
      "OBJ_62" = {
         isa = "PBXGroup";
         children = (
            "OBJ_63",
            "OBJ_64",
            "OBJ_65",
            "OBJ_66",
            "OBJ_67",
            "OBJ_68",
            "OBJ_69",
            "OBJ_70"
         );
         name = "CryptorRSA";
         path = ".build/checkouts/BlueRSA/Sources/CryptorRSA";
         sourceTree = "SOURCE_ROOT";
      };
      "OBJ_63" = {
         isa = "PBXFileReference";
         path = "CryptorRSA.swift";
         sourceTree = "<group>";
      };
      "OBJ_64" = {
         isa = "PBXFileReference";
         path = "CryptorRSAConstants.swift";
         sourceTree = "<group>";
      };
      "OBJ_65" = {
         isa = "PBXFileReference";
         path = "CryptorRSADigest.swift";
         sourceTree = "<group>";
      };
      "OBJ_66" = {
         isa = "PBXFileReference";
         path = "CryptorRSAErrors.swift";
         sourceTree = "<group>";
      };
      "OBJ_67" = {
         isa = "PBXFileReference";
         path = "CryptorRSAKey.swift";
         sourceTree = "<group>";
      };
      "OBJ_68" = {
         isa = "PBXFileReference";
         path = "CryptorRSAUtilities.swift";
         sourceTree = "<group>";
      };
      "OBJ_69" = {
         isa = "PBXFileReference";
         path = "Data+Extensions.swift";
         sourceTree = "<group>";
      };
      "OBJ_7" = {
         isa = "PBXGroup";
         children = (
            "OBJ_8"
         );
         name = "Sources";
         path = "";
         sourceTree = "SOURCE_ROOT";
      };
      "OBJ_70" = {
         isa = "PBXFileReference";
         path = "SSLPointerTricks.swift";
         sourceTree = "<group>";
      };
      "OBJ_71" = {
         isa = "PBXFileReference";
         explicitFileType = "sourcecode.swift";
         name = "Package.swift";
         path = "/Users/nark/Development/Me/Swift/WiredSwift/.build/checkouts/BlueRSA/Package.swift";
         sourceTree = "<group>";
      };
      "OBJ_72" = {
         isa = "PBXGroup";
         children = (
            "OBJ_73",
            "OBJ_153"
         );
         name = "CryptoSwift 1.3.1";
         path = "";
         sourceTree = "SOURCE_ROOT";
      };
      "OBJ_73" = {
         isa = "PBXGroup";
         children = (
            "OBJ_74",
            "OBJ_77",
            "OBJ_78",
            "OBJ_79",
            "OBJ_80",
            "OBJ_81",
            "OBJ_82",
            "OBJ_83",
            "OBJ_84",
            "OBJ_85",
            "OBJ_86",
            "OBJ_98",
            "OBJ_99",
            "OBJ_100",
            "OBJ_101",
            "OBJ_102",
            "OBJ_103",
            "OBJ_104",
            "OBJ_105",
            "OBJ_106",
            "OBJ_107",
            "OBJ_108",
            "OBJ_109",
            "OBJ_110",
            "OBJ_120",
            "OBJ_121",
            "OBJ_122",
            "OBJ_123",
            "OBJ_124",
            "OBJ_125",
            "OBJ_126",
            "OBJ_127",
            "OBJ_128",
            "OBJ_134",
            "OBJ_135",
            "OBJ_136",
            "OBJ_137",
            "OBJ_138",
            "OBJ_139",
            "OBJ_140",
            "OBJ_141",
            "OBJ_142",
            "OBJ_143",
            "OBJ_144",
            "OBJ_145",
            "OBJ_146",
            "OBJ_147",
            "OBJ_148",
            "OBJ_149",
            "OBJ_150",
            "OBJ_151",
            "OBJ_152"
         );
         name = "CryptoSwift";
         path = ".build/checkouts/CryptoSwift/Sources/CryptoSwift";
         sourceTree = "SOURCE_ROOT";
      };
      "OBJ_74" = {
         isa = "PBXGroup";
         children = (
            "OBJ_75",
            "OBJ_76"
         );
         name = "AEAD";
         path = "AEAD";
         sourceTree = "<group>";
      };
      "OBJ_75" = {
         isa = "PBXFileReference";
         path = "AEAD.swift";
         sourceTree = "<group>";
      };
      "OBJ_76" = {
         isa = "PBXFileReference";
         path = "AEADChaCha20Poly1305.swift";
         sourceTree = "<group>";
      };
      "OBJ_77" = {
         isa = "PBXFileReference";
         path = "AES.Cryptors.swift";
         sourceTree = "<group>";
      };
      "OBJ_78" = {
         isa = "PBXFileReference";
         path = "AES.swift";
         sourceTree = "<group>";
      };
      "OBJ_79" = {
         isa = "PBXFileReference";
         path = "Array+Extension.swift";
         sourceTree = "<group>";
      };
      "OBJ_8" = {
         isa = "PBXGroup";
         children = (
            "OBJ_9",
            "OBJ_10",
            "OBJ_11",
            "OBJ_12",
            "OBJ_15",
            "OBJ_19",
            "OBJ_23",
            "OBJ_26",
            "OBJ_30"
         );
         name = "WiredSwift";
         path = "Sources/WiredSwift";
         sourceTree = "SOURCE_ROOT";
      };
      "OBJ_80" = {
         isa = "PBXFileReference";
         path = "Authenticator.swift";
         sourceTree = "<group>";
      };
      "OBJ_81" = {
         isa = "PBXFileReference";
         path = "BatchedCollection.swift";
         sourceTree = "<group>";
      };
      "OBJ_82" = {
         isa = "PBXFileReference";
         path = "Bit.swift";
         sourceTree = "<group>";
      };
      "OBJ_83" = {
         isa = "PBXFileReference";
         path = "BlockCipher.swift";
         sourceTree = "<group>";
      };
      "OBJ_84" = {
         isa = "PBXFileReference";
         path = "BlockDecryptor.swift";
         sourceTree = "<group>";
      };
      "OBJ_85" = {
         isa = "PBXFileReference";
         path = "BlockEncryptor.swift";
         sourceTree = "<group>";
      };
      "OBJ_86" = {
         isa = "PBXGroup";
         children = (
            "OBJ_87",
            "OBJ_88",
            "OBJ_89",
            "OBJ_90",
            "OBJ_91",
            "OBJ_92",
            "OBJ_93",
            "OBJ_94",
            "OBJ_95",
            "OBJ_96",
            "OBJ_97"
         );
         name = "BlockMode";
         path = "BlockMode";
         sourceTree = "<group>";
      };
      "OBJ_87" = {
         isa = "PBXFileReference";
         path = "BlockMode.swift";
         sourceTree = "<group>";
      };
      "OBJ_88" = {
         isa = "PBXFileReference";
         path = "BlockModeOptions.swift";
         sourceTree = "<group>";
      };
      "OBJ_89" = {
         isa = "PBXFileReference";
         path = "CBC.swift";
         sourceTree = "<group>";
      };
      "OBJ_9" = {
         isa = "PBXFileReference";
         path = "WiredSwift.h";
         sourceTree = "<group>";
      };
      "OBJ_90" = {
         isa = "PBXFileReference";
         path = "CCM.swift";
         sourceTree = "<group>";
      };
      "OBJ_91" = {
         isa = "PBXFileReference";
         path = "CFB.swift";
         sourceTree = "<group>";
      };
      "OBJ_92" = {
         isa = "PBXFileReference";
         path = "CTR.swift";
         sourceTree = "<group>";
      };
      "OBJ_93" = {
         isa = "PBXFileReference";
         path = "CipherModeWorker.swift";
         sourceTree = "<group>";
      };
      "OBJ_94" = {
         isa = "PBXFileReference";
         path = "ECB.swift";
         sourceTree = "<group>";
      };
      "OBJ_95" = {
         isa = "PBXFileReference";
         path = "GCM.swift";
         sourceTree = "<group>";
      };
      "OBJ_96" = {
         isa = "PBXFileReference";
         path = "OFB.swift";
         sourceTree = "<group>";
      };
      "OBJ_97" = {
         isa = "PBXFileReference";
         path = "PCBC.swift";
         sourceTree = "<group>";
      };
      "OBJ_98" = {
         isa = "PBXFileReference";
         path = "Blowfish.swift";
         sourceTree = "<group>";
      };
      "OBJ_99" = {
         isa = "PBXFileReference";
         path = "CBCMAC.swift";
         sourceTree = "<group>";
      };
      "SocketSwift::SocketSwift" = {
         isa = "PBXNativeTarget";
         buildConfigurationList = "OBJ_318";
         buildPhases = (
            "OBJ_321",
            "OBJ_330"
         );
         dependencies = (
         );
         name = "SocketSwift";
         productName = "SocketSwift";
         productReference = "SocketSwift::SocketSwift::Product";
         productType = "com.apple.product-type.framework";
      };
      "SocketSwift::SocketSwift::Product" = {
         isa = "PBXFileReference";
         path = "SocketSwift.framework";
         sourceTree = "BUILT_PRODUCTS_DIR";
      };
      "SocketSwift::SwiftPMPackageDescription" = {
         isa = "PBXNativeTarget";
         buildConfigurationList = "OBJ_332";
         buildPhases = (
            "OBJ_335"
         );
         dependencies = (
         );
         name = "SocketSwiftPackageDescription";
         productName = "SocketSwiftPackageDescription";
         productType = "com.apple.product-type.framework";
      };
      "WiredSwift::SwiftPMPackageDescription" = {
         isa = "PBXNativeTarget";
         buildConfigurationList = "OBJ_376";
         buildPhases = (
            "OBJ_379"
         );
         dependencies = (
         );
         name = "WiredSwiftPackageDescription";
         productName = "WiredSwiftPackageDescription";
         productType = "com.apple.product-type.framework";
      };
      "WiredSwift::WiredSwift" = {
         isa = "PBXNativeTarget";
         buildConfigurationList = "OBJ_338";
         buildPhases = (
            "OBJ_341",
            "OBJ_362"
         );
         dependencies = (
            "OBJ_369",
            "OBJ_370",
            "OBJ_371",
            "OBJ_372",
            "OBJ_373",
            "OBJ_374"
         );
         name = "WiredSwift";
         productName = "WiredSwift";
         productReference = "WiredSwift::WiredSwift::Product";
         productType = "com.apple.product-type.framework";
      };
      "WiredSwift::WiredSwift::Product" = {
         isa = "PBXFileReference";
         path = "WiredSwift.framework";
         sourceTree = "BUILT_PRODUCTS_DIR";
      };
      "WiredSwift::WiredSwiftPackageTests::ProductTarget" = {
         isa = "PBXAggregateTarget";
         buildConfigurationList = "OBJ_382";
         buildPhases = (
         );
         dependencies = (
            "OBJ_385"
         );
         name = "WiredSwiftPackageTests";
         productName = "WiredSwiftPackageTests";
      };
      "WiredSwift::WiredSwiftTests" = {
         isa = "PBXNativeTarget";
         buildConfigurationList = "OBJ_387";
         buildPhases = (
            "OBJ_390",
            "OBJ_393"
         );
         dependencies = (
            "OBJ_401",
            "OBJ_402",
            "OBJ_403",
            "OBJ_404",
            "OBJ_405",
            "OBJ_406",
            "OBJ_407"
         );
         name = "WiredSwiftTests";
         productName = "WiredSwiftTests";
         productReference = "WiredSwift::WiredSwiftTests::Product";
         productType = "com.apple.product-type.bundle.unit-test";
      };
      "WiredSwift::WiredSwiftTests::Product" = {
         isa = "PBXFileReference";
         path = "WiredSwiftTests.xctest";
         sourceTree = "BUILT_PRODUCTS_DIR";
      };
   };
   rootObject = "OBJ_1";
}
