{
  "object": {
    "pins": [
      {
        "package": "CZlib",
        "repositoryURL": "https://github.com/IBM-Swift/CZlib.git",
        "state": {
          "branch": null,
          "revision": "a781e6ef055fb8f0d608fe30a28e6a0f62ae498b",
          "version": "0.1.2"
        }
      }
    ]
  },
  "version": 1
}
