{
  "originHash" : "bd5dce55f49d367747134880a2fd7f58f30a0959a5875e07397c03075ba1ef27",
  "pins" : [
    {
      "identity" : "configuration",
      "kind" : "remoteSourceControl",
      "location" : "https://github.com/Kitura/Configuration.git",
      "state" : {
        "revision" : "75fb96405263e72a2ed4546dceebe0993b92eb79",
        "version" : "3.1.0"
      }
    },
    {
      "identity" : "filekit",
      "kind" : "remoteSourceControl",
      "location" : "https://github.com/Kitura/FileKit.git",
      "state" : {
        "revision" : "9d3ddb89a16d388eaad0db5e17c4682b767bd48f",
        "version" : "1.1.0"
      }
    },
    {
      "identity" : "loggerapi",
      "kind" : "remoteSourceControl",
      "location" : "https://github.com/Kitura/LoggerAPI.git",
      "state" : {
        "revision" : "4e6b45e850ffa275e8e26a24c6454fd709d5b6ac",
        "version" : "2.0.0"
      }
    },
    {
      "identity" : "swift-log",
      "kind" : "remoteSourceControl",
      "location" : "https://github.com/apple/swift-log.git",
      "state" : {
        "revision" : "bc386b95f2a16ccd0150a8235e7c69eab2b866ca",
        "version" : "1.8.0"
      }
    }
  ],
  "version" : 3
}
