{
  "object": {
    "pins": [
      {
        "package": "DataCompression",
        "repositoryURL": "https://github.com/mw99/DataCompression",
        "state": {
          "branch": null,
          "revision": "6abb8f3cd0e4b2a33b4927a7a92b6764528f2440",
          "version": "3.6.0"
        }
      }
    ]
  },
  "version": 1
}
