// !$*UTF8*$!
{
	archiveVersion = 1;
	classes = {
	};
	objectVersion = 48;
	objects = {

/* Begin PBXBuildFile section */
		7C26F15A2032863700DE2840 /* GrowingTextView.swift in Sources */ = {isa = PBXBuildFile; fileRef = 7C26F1592032863700DE2840 /* GrowingTextView.swift */; };
		7C6900E3202602FD00FFE247 /* Assets.xcassets in Resources */ = {isa = PBXBuildFile; fileRef = 7C6900D0202602FC00FFE247 /* Assets.xcassets */; };
		7C6900E6202602FD00FFE247 /* MockMessage.swift in Sources */ = {isa = PBXBuildFile; fileRef = 7C6900D4202602FC00FFE247 /* MockMessage.swift */; };
		7C6900E7202602FD00FFE247 /* Settings+UserDefaults.swift in Sources */ = {isa = PBXBuildFile; fileRef = 7C6900D5202602FC00FFE247 /* Settings+UserDefaults.swift */; };
		7C6900E9202602FD00FFE247 /* SampleData.swift in Sources */ = {isa = PBXBuildFile; fileRef = 7C6900D7202602FC00FFE247 /* SampleData.swift */; };
		7C6900EA202602FD00FFE247 /* AppDelegate.swift in Sources */ = {isa = PBXBuildFile; fileRef = 7C6900D8202602FC00FFE247 /* AppDelegate.swift */; };
		7C6900EB202602FD00FFE247 /* ConversationViewController.swift in Sources */ = {isa = PBXBuildFile; fileRef = 7C6900D9202602FC00FFE247 /* ConversationViewController.swift */; };
		7C6900F72026118B00FFE247 /* Main.storyboard in Resources */ = {isa = PBXBuildFile; fileRef = 7C6900F52026118B00FFE247 /* Main.storyboard */; };
		7C6900FD20261C7500FFE247 /* ViewController.swift in Sources */ = {isa = PBXBuildFile; fileRef = 7C6900FC20261C7500FFE247 /* ViewController.swift */; };
		7CAF5D1821D95DE600E210D2 /* GrowingTextField.swift in Sources */ = {isa = PBXBuildFile; fileRef = 7CAF5D1721D95DE600E210D2 /* GrowingTextField.swift */; };
		7CEFC6092236870900711F8F /* MessageKit_macOS.framework in Frameworks */ = {isa = PBXBuildFile; fileRef = 7CEFC6082236870900711F8F /* MessageKit_macOS.framework */; };
/* End PBXBuildFile section */

/* Begin PBXFileReference section */
		7C26F1592032863700DE2840 /* GrowingTextView.swift */ = {isa = PBXFileReference; lastKnownFileType = sourcecode.swift; path = GrowingTextView.swift; sourceTree = "<group>"; };
		7C6900D0202602FC00FFE247 /* Assets.xcassets */ = {isa = PBXFileReference; lastKnownFileType = folder.assetcatalog; path = Assets.xcassets; sourceTree = "<group>"; };
		7C6900D4202602FC00FFE247 /* MockMessage.swift */ = {isa = PBXFileReference; fileEncoding = 4; lastKnownFileType = sourcecode.swift; path = MockMessage.swift; sourceTree = "<group>"; };
		7C6900D5202602FC00FFE247 /* Settings+UserDefaults.swift */ = {isa = PBXFileReference; fileEncoding = 4; lastKnownFileType = sourcecode.swift; path = "Settings+UserDefaults.swift"; sourceTree = "<group>"; };
		7C6900D7202602FC00FFE247 /* SampleData.swift */ = {isa = PBXFileReference; fileEncoding = 4; lastKnownFileType = sourcecode.swift; path = SampleData.swift; sourceTree = "<group>"; };
		7C6900D8202602FC00FFE247 /* AppDelegate.swift */ = {isa = PBXFileReference; fileEncoding = 4; lastKnownFileType = sourcecode.swift; path = AppDelegate.swift; sourceTree = "<group>"; };
		7C6900D9202602FC00FFE247 /* ConversationViewController.swift */ = {isa = PBXFileReference; fileEncoding = 4; lastKnownFileType = sourcecode.swift; path = ConversationViewController.swift; sourceTree = "<group>"; };
		7C6900DD202602FC00FFE247 /* ChatExampleTests.swift */ = {isa = PBXFileReference; fileEncoding = 4; lastKnownFileType = sourcecode.swift; path = ChatExampleTests.swift; sourceTree = "<group>"; };
		7C6900DE202602FC00FFE247 /* Info.plist */ = {isa = PBXFileReference; fileEncoding = 4; lastKnownFileType = text.plist.xml; path = Info.plist; sourceTree = "<group>"; };
		7C6900E0202602FD00FFE247 /* ChatExampleUITests.swift */ = {isa = PBXFileReference; fileEncoding = 4; lastKnownFileType = sourcecode.swift; path = ChatExampleUITests.swift; sourceTree = "<group>"; };
		7C6900E1202602FD00FFE247 /* Info.plist */ = {isa = PBXFileReference; fileEncoding = 4; lastKnownFileType = text.plist.xml; path = Info.plist; sourceTree = "<group>"; };
		7C6900F62026118B00FFE247 /* Base */ = {isa = PBXFileReference; lastKnownFileType = file.storyboard; name = Base; path = Main.storyboard; sourceTree = "<group>"; };
		7C6900FA202618FA00FFE247 /* Info.plist */ = {isa = PBXFileReference; fileEncoding = 4; lastKnownFileType = text.plist.xml; path = Info.plist; sourceTree = "<group>"; };
		7C6900FC20261C7500FFE247 /* ViewController.swift */ = {isa = PBXFileReference; fileEncoding = 4; lastKnownFileType = sourcecode.swift; path = ViewController.swift; sourceTree = "<group>"; };
		7CAF5D1721D95DE600E210D2 /* GrowingTextField.swift */ = {isa = PBXFileReference; lastKnownFileType = sourcecode.swift; path = GrowingTextField.swift; sourceTree = "<group>"; };
		7CEFC6082236870900711F8F /* MessageKit_macOS.framework */ = {isa = PBXFileReference; explicitFileType = wrapper.framework; path = MessageKit_macOS.framework; sourceTree = BUILT_PRODUCTS_DIR; };
		7CF533652026025F00826365 /* ChatExample.app */ = {isa = PBXFileReference; explicitFileType = wrapper.application; includeInIndex = 0; path = ChatExample.app; sourceTree = BUILT_PRODUCTS_DIR; };
/* End PBXFileReference section */

/* Begin PBXFrameworksBuildPhase section */
		7CF533622026025F00826365 /* Frameworks */ = {
			isa = PBXFrameworksBuildPhase;
			buildActionMask = 2147483647;
			files = (
				7CEFC6092236870900711F8F /* MessageKit_macOS.framework in Frameworks */,
			);
			runOnlyForDeploymentPostprocessing = 0;
		};
/* End PBXFrameworksBuildPhase section */

/* Begin PBXGroup section */
		7C6900CE202602FC00FFE247 /* Sources */ = {
			isa = PBXGroup;
			children = (
				7C6900D8202602FC00FFE247 /* AppDelegate.swift */,
				7C6900D0202602FC00FFE247 /* Assets.xcassets */,
				7C6900F42026118B00FFE247 /* Base.lproj */,
				7C6900D9202602FC00FFE247 /* ConversationViewController.swift */,
				7C6900FA202618FA00FFE247 /* Info.plist */,
				7C6900D4202602FC00FFE247 /* MockMessage.swift */,
				7C6900D7202602FC00FFE247 /* SampleData.swift */,
				7C6900D5202602FC00FFE247 /* Settings+UserDefaults.swift */,
				7C6900FC20261C7500FFE247 /* ViewController.swift */,
				7C26F1592032863700DE2840 /* GrowingTextView.swift */,
				7CAF5D1721D95DE600E210D2 /* GrowingTextField.swift */,
			);
			path = Sources;
			sourceTree = "<group>";
		};
		7C6900DC202602FC00FFE247 /* Tests */ = {
			isa = PBXGroup;
			children = (
				7C6900DD202602FC00FFE247 /* ChatExampleTests.swift */,
				7C6900DE202602FC00FFE247 /* Info.plist */,
			);
			path = Tests;
			sourceTree = "<group>";
		};
		7C6900DF202602FD00FFE247 /* UITests */ = {
			isa = PBXGroup;
			children = (
				7C6900E0202602FD00FFE247 /* ChatExampleUITests.swift */,
				7C6900E1202602FD00FFE247 /* Info.plist */,
			);
			path = UITests;
			sourceTree = "<group>";
		};
		7C6900F42026118B00FFE247 /* Base.lproj */ = {
			isa = PBXGroup;
			children = (
				7C6900F52026118B00FFE247 /* Main.storyboard */,
			);
			path = Base.lproj;
			sourceTree = "<group>";
		};
		7CEFC6072236870900711F8F /* Frameworks */ = {
			isa = PBXGroup;
			children = (
				7CEFC6082236870900711F8F /* MessageKit_macOS.framework */,
			);
			name = Frameworks;
			sourceTree = "<group>";
		};
		7CF5335C2026025F00826365 = {
			isa = PBXGroup;
			children = (
				7C6900CE202602FC00FFE247 /* Sources */,
				7C6900DC202602FC00FFE247 /* Tests */,
				7C6900DF202602FD00FFE247 /* UITests */,
				7CF533662026025F00826365 /* Products */,
				7CEFC6072236870900711F8F /* Frameworks */,
			);
			sourceTree = "<group>";
		};
		7CF533662026025F00826365 /* Products */ = {
			isa = PBXGroup;
			children = (
				7CF533652026025F00826365 /* ChatExample.app */,
			);
			name = Products;
			sourceTree = "<group>";
		};
/* End PBXGroup section */

/* Begin PBXNativeTarget section */
		7CF533642026025F00826365 /* ChatExample */ = {
			isa = PBXNativeTarget;
			buildConfigurationList = 7CF5338B2026026000826365 /* Build configuration list for PBXNativeTarget "ChatExample" */;
			buildPhases = (
				7CF533612026025F00826365 /* Sources */,
				7CF533622026025F00826365 /* Frameworks */,
				7CF533632026025F00826365 /* Resources */,
			);
			buildRules = (
			);
			dependencies = (
			);
			name = ChatExample;
			productName = ChatExample;
			productReference = 7CF533652026025F00826365 /* ChatExample.app */;
			productType = "com.apple.product-type.application";
		};
/* End PBXNativeTarget section */

/* Begin PBXProject section */
		7CF5335D2026025F00826365 /* Project object */ = {
			isa = PBXProject;
			attributes = {
				LastSwiftUpdateCheck = 0920;
				LastUpgradeCheck = 1010;
				ORGANIZATIONNAME = "MessageKit-macOS";
				TargetAttributes = {
					7CF533642026025F00826365 = {
						CreatedOnToolsVersion = 9.2;
						ProvisioningStyle = Automatic;
					};
				};
			};
			buildConfigurationList = 7CF533602026025F00826365 /* Build configuration list for PBXProject "ChatExample" */;
			compatibilityVersion = "Xcode 8.0";
			developmentRegion = en;
			hasScannedForEncodings = 0;
			knownRegions = (
				en,
				Base,
			);
			mainGroup = 7CF5335C2026025F00826365;
			productRefGroup = 7CF533662026025F00826365 /* Products */;
			projectDirPath = "";
			projectRoot = "";
			targets = (
				7CF533642026025F00826365 /* ChatExample */,
			);
		};
/* End PBXProject section */

/* Begin PBXResourcesBuildPhase section */
		7CF533632026025F00826365 /* Resources */ = {
			isa = PBXResourcesBuildPhase;
			buildActionMask = 2147483647;
			files = (
				7C6900F72026118B00FFE247 /* Main.storyboard in Resources */,
				7C6900E3202602FD00FFE247 /* Assets.xcassets in Resources */,
			);
			runOnlyForDeploymentPostprocessing = 0;
		};
/* End PBXResourcesBuildPhase section */

/* Begin PBXSourcesBuildPhase section */
		7CF533612026025F00826365 /* Sources */ = {
			isa = PBXSourcesBuildPhase;
			buildActionMask = 2147483647;
			files = (
				7C6900FD20261C7500FFE247 /* ViewController.swift in Sources */,
				7C6900E9202602FD00FFE247 /* SampleData.swift in Sources */,
				7C6900EB202602FD00FFE247 /* ConversationViewController.swift in Sources */,
				7C6900E6202602FD00FFE247 /* MockMessage.swift in Sources */,
				7C26F15A2032863700DE2840 /* GrowingTextView.swift in Sources */,
				7C6900E7202602FD00FFE247 /* Settings+UserDefaults.swift in Sources */,
				7C6900EA202602FD00FFE247 /* AppDelegate.swift in Sources */,
				7CAF5D1821D95DE600E210D2 /* GrowingTextField.swift in Sources */,
			);
			runOnlyForDeploymentPostprocessing = 0;
		};
/* End PBXSourcesBuildPhase section */

/* Begin PBXVariantGroup section */
		7C6900F52026118B00FFE247 /* Main.storyboard */ = {
			isa = PBXVariantGroup;
			children = (
				7C6900F62026118B00FFE247 /* Base */,
			);
			name = Main.storyboard;
			sourceTree = "<group>";
		};
/* End PBXVariantGroup section */

/* Begin XCBuildConfiguration section */
		7CF533892026026000826365 /* Debug */ = {
			isa = XCBuildConfiguration;
			buildSettings = {
				ALWAYS_SEARCH_USER_PATHS = NO;
				CLANG_ANALYZER_NONNULL = YES;
				CLANG_ANALYZER_NUMBER_OBJECT_CONVERSION = YES_AGGRESSIVE;
				CLANG_CXX_LANGUAGE_STANDARD = "gnu++14";
				CLANG_CXX_LIBRARY = "libc++";
				CLANG_ENABLE_MODULES = YES;
				CLANG_ENABLE_OBJC_ARC = YES;
				CLANG_WARN_BLOCK_CAPTURE_AUTORELEASING = YES;
				CLANG_WARN_BOOL_CONVERSION = YES;
				CLANG_WARN_COMMA = YES;
				CLANG_WARN_CONSTANT_CONVERSION = YES;
				CLANG_WARN_DEPRECATED_OBJC_IMPLEMENTATIONS = YES;
				CLANG_WARN_DIRECT_OBJC_ISA_USAGE = YES_ERROR;
				CLANG_WARN_DOCUMENTATION_COMMENTS = YES;
				CLANG_WARN_EMPTY_BODY = YES;
				CLANG_WARN_ENUM_CONVERSION = YES;
				CLANG_WARN_INFINITE_RECURSION = YES;
				CLANG_WARN_INT_CONVERSION = YES;
				CLANG_WARN_NON_LITERAL_NULL_CONVERSION = YES;
				CLANG_WARN_OBJC_IMPLICIT_RETAIN_SELF = YES;
				CLANG_WARN_OBJC_LITERAL_CONVERSION = YES;
				CLANG_WARN_OBJC_ROOT_CLASS = YES_ERROR;
				CLANG_WARN_RANGE_LOOP_ANALYSIS = YES;
				CLANG_WARN_STRICT_PROTOTYPES = YES;
				CLANG_WARN_SUSPICIOUS_MOVE = YES;
				CLANG_WARN_UNGUARDED_AVAILABILITY = YES_AGGRESSIVE;
				CLANG_WARN_UNREACHABLE_CODE = YES;
				CLANG_WARN__DUPLICATE_METHOD_MATCH = YES;
				CODE_SIGN_IDENTITY = "-";
				COPY_PHASE_STRIP = NO;
				DEBUG_INFORMATION_FORMAT = dwarf;
				ENABLE_STRICT_OBJC_MSGSEND = YES;
				ENABLE_TESTABILITY = YES;
				FRAMEWORK_SEARCH_PATHS = "";
				GCC_C_LANGUAGE_STANDARD = gnu11;
				GCC_DYNAMIC_NO_PIC = NO;
				GCC_NO_COMMON_BLOCKS = YES;
				GCC_OPTIMIZATION_LEVEL = 0;
				GCC_PREPROCESSOR_DEFINITIONS = (
					"DEBUG=1",
					"$(inherited)",
				);
				GCC_WARN_64_TO_32_BIT_CONVERSION = YES;
				GCC_WARN_ABOUT_RETURN_TYPE = YES_ERROR;
				GCC_WARN_UNDECLARED_SELECTOR = YES;
				GCC_WARN_UNINITIALIZED_AUTOS = YES_AGGRESSIVE;
				GCC_WARN_UNUSED_FUNCTION = YES;
				GCC_WARN_UNUSED_VARIABLE = YES;
				MACOSX_DEPLOYMENT_TARGET = 10.13;
				MTL_ENABLE_DEBUG_INFO = YES;
				ONLY_ACTIVE_ARCH = YES;
				SDKROOT = macosx;
				SWIFT_ACTIVE_COMPILATION_CONDITIONS = DEBUG;
				SWIFT_OPTIMIZATION_LEVEL = "-Onone";
			};
			name = Debug;
		};
		7CF5338A2026026000826365 /* Release */ = {
			isa = XCBuildConfiguration;
			buildSettings = {
				ALWAYS_SEARCH_USER_PATHS = NO;
				CLANG_ANALYZER_NONNULL = YES;
				CLANG_ANALYZER_NUMBER_OBJECT_CONVERSION = YES_AGGRESSIVE;
				CLANG_CXX_LANGUAGE_STANDARD = "gnu++14";
				CLANG_CXX_LIBRARY = "libc++";
				CLANG_ENABLE_MODULES = YES;
				CLANG_ENABLE_OBJC_ARC = YES;
				CLANG_WARN_BLOCK_CAPTURE_AUTORELEASING = YES;
				CLANG_WARN_BOOL_CONVERSION = YES;
				CLANG_WARN_COMMA = YES;
				CLANG_WARN_CONSTANT_CONVERSION = YES;
				CLANG_WARN_DEPRECATED_OBJC_IMPLEMENTATIONS = YES;
				CLANG_WARN_DIRECT_OBJC_ISA_USAGE = YES_ERROR;
				CLANG_WARN_DOCUMENTATION_COMMENTS = YES;
				CLANG_WARN_EMPTY_BODY = YES;
				CLANG_WARN_ENUM_CONVERSION = YES;
				CLANG_WARN_INFINITE_RECURSION = YES;
				CLANG_WARN_INT_CONVERSION = YES;
				CLANG_WARN_NON_LITERAL_NULL_CONVERSION = YES;
				CLANG_WARN_OBJC_IMPLICIT_RETAIN_SELF = YES;
				CLANG_WARN_OBJC_LITERAL_CONVERSION = YES;
				CLANG_WARN_OBJC_ROOT_CLASS = YES_ERROR;
				CLANG_WARN_RANGE_LOOP_ANALYSIS = YES;
				CLANG_WARN_STRICT_PROTOTYPES = YES;
				CLANG_WARN_SUSPICIOUS_MOVE = YES;
				CLANG_WARN_UNGUARDED_AVAILABILITY = YES_AGGRESSIVE;
				CLANG_WARN_UNREACHABLE_CODE = YES;
				CLANG_WARN__DUPLICATE_METHOD_MATCH = YES;
				CODE_SIGN_IDENTITY = "-";
				COPY_PHASE_STRIP = NO;
				DEBUG_INFORMATION_FORMAT = "dwarf-with-dsym";
				ENABLE_NS_ASSERTIONS = NO;
				ENABLE_STRICT_OBJC_MSGSEND = YES;
				FRAMEWORK_SEARCH_PATHS = "";
				GCC_C_LANGUAGE_STANDARD = gnu11;
				GCC_NO_COMMON_BLOCKS = YES;
				GCC_WARN_64_TO_32_BIT_CONVERSION = YES;
				GCC_WARN_ABOUT_RETURN_TYPE = YES_ERROR;
				GCC_WARN_UNDECLARED_SELECTOR = YES;
				GCC_WARN_UNINITIALIZED_AUTOS = YES_AGGRESSIVE;
				GCC_WARN_UNUSED_FUNCTION = YES;
				GCC_WARN_UNUSED_VARIABLE = YES;
				MACOSX_DEPLOYMENT_TARGET = 10.13;
				MTL_ENABLE_DEBUG_INFO = NO;
				SDKROOT = macosx;
				SWIFT_OPTIMIZATION_LEVEL = "-Owholemodule";
			};
			name = Release;
		};
		7CF5338C2026026000826365 /* Debug */ = {
			isa = XCBuildConfiguration;
			buildSettings = {
				ALWAYS_EMBED_SWIFT_STANDARD_LIBRARIES = YES;
				ASSETCATALOG_COMPILER_APPICON_NAME = AppIcon;
				CODE_SIGN_ENTITLEMENTS = ChatExample.entitlements;
				CODE_SIGN_STYLE = Automatic;
				COMBINE_HIDPI_IMAGES = YES;
				DEVELOPMENT_TEAM = R94MW7P6QY;
				FRAMEWORK_SEARCH_PATHS = "";
				INFOPLIST_FILE = Sources/Info.plist;
				LD_RUNPATH_SEARCH_PATHS = "$(inherited) @executable_path/../Frameworks @rpath";
				PRODUCT_BUNDLE_IDENTIFIER = com.messagekit.ChatExample;
				PRODUCT_NAME = "$(TARGET_NAME)";
				SWIFT_INCLUDE_PATHS = "";
				SWIFT_VERSION = 4.2;
			};
			name = Debug;
		};
		7CF5338D2026026000826365 /* Release */ = {
			isa = XCBuildConfiguration;
			buildSettings = {
				ALWAYS_EMBED_SWIFT_STANDARD_LIBRARIES = YES;
				ASSETCATALOG_COMPILER_APPICON_NAME = AppIcon;
				CODE_SIGN_ENTITLEMENTS = ChatExample.entitlements;
				CODE_SIGN_STYLE = Automatic;
				COMBINE_HIDPI_IMAGES = YES;
				DEVELOPMENT_TEAM = R94MW7P6QY;
				FRAMEWORK_SEARCH_PATHS = "";
				INFOPLIST_FILE = Sources/Info.plist;
				LD_RUNPATH_SEARCH_PATHS = "$(inherited) @executable_path/../Frameworks @rpath";
				PRODUCT_BUNDLE_IDENTIFIER = com.messagekit.ChatExample;
				PRODUCT_NAME = "$(TARGET_NAME)";
				SWIFT_INCLUDE_PATHS = "";
				SWIFT_VERSION = 4.2;
			};
			name = Release;
		};
/* End XCBuildConfiguration section */

/* Begin XCConfigurationList section */
		7CF533602026025F00826365 /* Build configuration list for PBXProject "ChatExample" */ = {
			isa = XCConfigurationList;
			buildConfigurations = (
				7CF533892026026000826365 /* Debug */,
				7CF5338A2026026000826365 /* Release */,
			);
			defaultConfigurationIsVisible = 0;
			defaultConfigurationName = Release;
		};
		7CF5338B2026026000826365 /* Build configuration list for PBXNativeTarget "ChatExample" */ = {
			isa = XCConfigurationList;
			buildConfigurations = (
				7CF5338C2026026000826365 /* Debug */,
				7CF5338D2026026000826365 /* Release */,
			);
			defaultConfigurationIsVisible = 0;
			defaultConfigurationName = Release;
		};
/* End XCConfigurationList section */
	};
	rootObject = 7CF5335D2026025F00826365 /* Project object */;
}
